{
    "_meta": {
        "hash": {
            "sha256": "fa7ce3285dd99f7b1c9ef66f366ee881136506ce4d52f1a40f11213c036d3f1e"
        },
        "host-environment-markers": {
            "implementation_name": "cpython",
            "implementation_version": "3.6.3",
            "os_name": "posix",
            "platform_machine": "x86_64",
            "platform_python_implementation": "CPython",
            "platform_release": "17.5.0",
            "platform_system": "Darwin",
            "platform_version": "Darwin Kernel Version 17.5.0: Fri Apr 13 19:32:32 PDT 2018; root:xnu-4570.51.2~1/RELEASE_X86_64",
            "python_full_version": "3.6.3",
            "python_version": "3.6",
            "sys_platform": "darwin"
        },
        "pipfile-spec": 6,
        "requires": {},
        "sources": [
            {
                "url": "https://pypi.python.org/simple",
                "verify_ssl": true
            }
        ]
    },
    "default": {
        "aldryn-apphooks-config": {
            "hashes": [
                "sha256:756a9615c6782b007d561148d74d032076ac4488f37930398828e66590d94444",
                "sha256:bc73f70afa2744605a10656b2bfb097fc2037420613447698f1d83536d7e7538"
            ],
            "version": "==0.4.1"
        },
        "aldryn-boilerplates": {
            "hashes": [
                "sha256:2f72db91392c492ac336e0a78443c5c55dc4c00b247b77ebc7dad207c5f6ef53",
                "sha256:fb6298942e7ad2de9264a73088b708cb6d791e32984e4bc7b162bb26f5fe410f"
            ],
            "version": "==0.7.7"
        },
        "aldryn-common": {
            "hashes": [
                "sha256:3f7ce7d24dd76582879e0ad6b4c0365fe65212ef3e23cda2659e70a3934e84e2"
            ],
            "version": "==1.0.4"
        },
        "aldryn-search": {
            "hashes": [
                "sha256:272ec7a046e4708ff144404419ba4ca5f9d538cd67f8b29bf886e469889effe5",
                "sha256:7e3b7c811ef4dfa8ed7a2a73b9cede5f12e8a4d5e57af198be3ab15965201f38"
            ],
            "version": "==1.0.0"
        },
        "amqp": {
            "hashes": [
                "sha256:4e28d3ea61a64ae61830000c909662cb053642efddbe96503db0e7783a6ee85b",
                "sha256:cba1ace9d4ff6049b190d8b7991f9c1006b443a5238021aca96dd6ad2ac9da22"
            ],
            "version": "==2.2.2"
        },
        "anyjson": {
            "hashes": [
                "sha256:37812d863c9ad3e35c0734c42e0bf0320ce8c3bed82cd20ad54cb34d158157ba"
            ],
            "version": "==0.3.3"
        },
        "billiard": {
            "hashes": [
                "sha256:abd9ce008c9a71ccde2c816f8daa36246e92a21e6a799831b887d88277187ecd",
                "sha256:1d7b22bdc47aa52841120fcd22a74ae4fc8c13e9d3935643098184f5788c3ce6"
            ],
            "version": "==3.5.0.3"
        },
        "celery": {
            "hashes": [
                "sha256:6fc4678d1692af97e137b2a9f1c04efd8e7e2fb7134c5c5ad60738cdd927762f",
                "sha256:d1f2a3359bdbdfb344edce98b8e891f5fe64f8a11c5a45538ec20ac237c971f5"
            ],
            "version": "==4.1.1"
        },
        "celery-haystack": {
            "hashes": [
                "sha256:ec1f39050661e033f554de99cb9393c2e94427667ff5401f16393b2a68f888fc",
                "sha256:b6e2a3c70071bef0838ca1a7d9f14fae6c2ecf385704092e59b82147a1ee552e"
            ],
            "version": "==0.10"
        },
        "certifi": {
            "hashes": [
                "sha256:9fa520c1bacfb634fa7af20a76bcbd3d5fb390481724c597da32c719a7dca4b0",
                "sha256:13e698f54293db9f89122b0581843a782ad0934a4fe0172d2a980ba77fc61bb7"
            ],
            "version": "==2018.4.16"
        },
        "chardet": {
            "hashes": [
                "sha256:fc323ffcaeaed0e0a02bf4d117757b98aed530d9ed4531e3e15460124c106691",
                "sha256:84ab92ed1c4d4f16916e05906b6b75a6c0fb5db821cc65e70cbd64a3e2a5eaae"
            ],
            "version": "==3.0.4"
        },
        "cmsplugin-filer": {
            "hashes": [
                "sha256:e1573b391e58682c796a922e60d5bfd0c96461395663a6cee536fe6c343c14ec",
                "sha256:d9a1c57448b5a55712cf6baf25e43703d37f75162bbd540aeb19ecb832c27e3f"
            ],
            "version": "==1.1.3"
        },
        "coreapi": {
            "hashes": [
                "sha256:bf39d118d6d3e171f10df9ede5666f63ad80bba9a29a8ec17726a66cf52ee6f3",
                "sha256:46145fcc1f7017c076a2ef684969b641d18a2991051fddec9458ad3f78ffc1cb"
            ],
            "version": "==2.3.3"
        },
        "coreschema": {
            "hashes": [
                "sha256:5e6ef7bf38c1525d5e55a895934ab4273548629f16aed5c0a6caa74ebf45551f",
                "sha256:9503506007d482ab0867ba14724b93c18a33b22b6d19fb419ef2d239dd4a1607"
            ],
            "version": "==0.0.4"
        },
        "dj-database-url": {
            "hashes": [
                "sha256:851785365761ebe4994a921b433062309eb882fedd318e1b0fcecc607ed02da9",
                "sha256:4aeaeb1f573c74835b0686a2b46b85990571159ffc21aa57ecd4d1e1cb334163"
            ],
            "version": "==0.5.0"
        },
        "django": {
            "hashes": [
                "sha256:18986bcffe69653a84eaf1faa1fa5a7eded32cee41cfecc77fdc65a3e046404d",
                "sha256:46adfe8e0abe4d1f026c1086889970b611aec492784fbdfbdaabc2457360a4a5"
            ],
            "version": "==1.11.13"
        },
        "django-appconf": {
            "hashes": [
                "sha256:ddab987d14b26731352c01ee69c090a4ebfc9141ed223bef039d79587f22acd9",
                "sha256:6a4d9aea683b4c224d97ab8ee11ad2d29a37072c0c6c509896dd9857466fb261"
            ],
            "version": "==1.0.2"
        },
        "django-appdata": {
            "hashes": [
                "sha256:bfad03d0f787e052db60eba6c20195f5dd4eded63e6fb2bf68e28614e8aa03f2",
                "sha256:cd7c94f7b45e1c861ead341981b281129f22aa9b637528b8c0fdcd72ec504266"
            ],
            "version": "==0.2.0"
        },
        "django-cache-url": {
            "hashes": [
                "sha256:964120787dc80e568a355385a3880a19f2f00219c251903956f3137d1583d097",
                "sha256:235950e2d7cb16164082167c2974301e2f0fb2313d40bfacc9d24f5b09c3514b"
            ],
            "version": "==3.0.0"
        },
        "django-celery-email": {
            "hashes": [
                "sha256:29894330d621a0794b2e82e63220ccc5f1dbd539f5cedd9e183616dc2f72f973",
                "sha256:1d20120569edd233d7f5a22460b60410b4d8f7c0f1ef66889e1267762aeacbf5"
            ],
            "version": "==2.0.0"
        },
        "django-classy-tags": {
            "hashes": [
                "sha256:f6d12f5a4df3e387795a0d9ef2836af389cae9a1fbebda035dac043d4722b1f7",
                "sha256:792f9161d0e22d55b4fab6fc297bab8ab072ffaa3075b227613a6d8473624db8"
            ],
            "version": "==0.8.0"
        },
        "django-cms": {
            "hashes": [
                "sha256:31e172ca8238a7a78184b45da919b7dfd7f593af34948e834e78ac0a2b767536",
                "sha256:961e17223087d80004205b86062dcd26765264534bdb7020bd4d610279307c55"
            ],
            "version": "==3.5.2"
        },
        "django-configurations": {
            "hashes": [
                "sha256:be47e25d070fd005cc8fbd6c913c9ec37e83d04686937afe18ca6c579b2cdedb",
                "sha256:b4a4eb3ed631c2abbeb7008b5cc5d8d04b190df838e7b613731d728f674f3a2f"
            ],
            "version": "==2.0"
        },
        "django-contrib-comments": {
            "hashes": [
                "sha256:9c666f162ab7b57ed6a77a29d01d92d6ea95d850c1e0c1cd2e50d81bc7e66f5e",
                "sha256:7d966bb5bda3ded47a652ae9b0b0b2d3234ea2d3d37ca04b360fce2c117fba2f"
            ],
            "version": "==1.8.0"
        },
        "django-filer": {
            "hashes": [
                "sha256:7eb57930593641f586a3bb34a5ea6bd0f96c12e3b1270344376355310f0768a9",
                "sha256:192b8039d167d1fc71423f65dd0d9b67a296f4336a942dba95bcadc1fb734d81"
            ],
            "version": "==1.3.2"
        },
        "django-filter": {
            "hashes": [
                "sha256:ea204242ea83790e1512c9d0d8255002a652a6f4986e93cee664f28955ba0c22",
                "sha256:ec0ef1ba23ef95b1620f5d481334413700fb33f45cd76d56a63f4b0b1d76976a"
            ],
            "version": "==1.1.0"
        },
        "django-floppyforms": {
            "hashes": [
                "sha256:155f94a2b6341b02de16a1d8efea0ab77f1869d3185c2f07381cca0cafffe2dd"
            ],
            "version": "==1.7.0"
        },
        "django-formtools": {
            "hashes": [
                "sha256:cb2bd7c29c2104278e5a0e76f7ff256b9570acf11485d547ee0c1b35347359fb",
                "sha256:7703793f1675aa6e871f9fed147e8563816d7a5b9affdc5e3459899596217f7c"
            ],
            "version": "==2.1"
        },
        "django-fsm": {
            "hashes": [
                "sha256:c4790469e4f54b6cc95a3ac2c1bd1cdadeb04b0f3578e2472cdd857543a56e67",
                "sha256:13da2fbec4284dcf2235157c299306f67b788bd39126bed3cdbcc6a8f17575e9"
            ],
            "version": "==2.6.0"
        },
        "django-haystack": {
            "hashes": [
                "sha256:8b54bcc926596765d0a3383d693bcdd76109c7abb6b2323b3984a39e3576028c"
            ],
            "version": "==2.8.1"
        },
        "django-leaflet": {
            "hashes": [
                "sha256:dacfa02c77a44a0ea60cbb7779333930683752e1f2f77618cabd5411a55dc89d"
            ],
            "version": "==0.23.0"
        },
        "django-markdown-deux": {
            "hashes": [
                "sha256:5b4a3cd9454af5b4cec0e19151b41d98d09400ddae0688afb81dbf62a4edafff"
            ],
            "version": "==1.0.5"
        },
        "django-meta": {
            "hashes": [
                "sha256:21fc5d0d5fcacda5d038af0babd08afaa4d5bed1b746edb6522c4d3435da8db6",
                "sha256:dd4a440223cc6243a7815c183b6ada1f11b99b4d672471e67f8db4d8b48a5674"
            ],
            "version": "==1.4.1"
        },
        "django-meta-mixin": {
            "hashes": [
                "sha256:1d257a0557382c39c21b1f9cf6da470196e36413824d0b20143a31a566184049",
                "sha256:b3910fd7b45c55660f49674c555a786abfbcd8a2518e3cf6565795eabea83929"
            ],
            "version": "==0.3.0"
        },
        "django-mptt": {
            "hashes": [
                "sha256:422cc3b4326edfdba65ba5d59b29540f72581bafab53c439d90a89101d2eacc8",
                "sha256:b6c80983bad659cfe7ebd04c95410969cf66ca89dcf8774f33b3fb0e0016270d"
            ],
            "version": "==0.8.7"
        },
        "django-oauth-toolkit": {
            "hashes": [
                "sha256:c006e804ecfdc98ffeb943100dbb0b5e6d82c969c7cb672bc999f1f3a403cb01",
                "sha256:5eb68432e0869451bad81d127bb2de7a20cb5c5343518bc8d24befe6eaa34e16"
            ],
            "version": "==1.1.2"
        },
        "django-overextends": {
            "hashes": [
                "sha256:e9c1082e384473ec03ab53821691d79a3f160fef43c15a0de44741b5e9430e4d",
                "sha256:f53bfcec62731d1b4811745616ddefa849faee98874b01bbabd794381cbb8261"
            ],
            "version": "==0.4.3"
        },
        "django-parler": {
            "hashes": [
                "sha256:9f1508c75aca387d06ac21fb9bfffbb8fd12b04d268aa25b0c5e56a33909bcdd",
                "sha256:979295a977f8eb6a3567d3f08faa718ef6e66edc38bdaf5de23f6c7346ecb038"
            ],
            "version": "==1.9.2"
        },
        "django-polymorphic": {
            "hashes": [
                "sha256:317bde04d5b218fa1ad07734dfbbbd3947c9495650ba7e015c5d4f6def00c879",
                "sha256:e1821d7b5874509a158a0f22bebf544330e0944c481c5a3e6da6cac8887e4e88"
            ],
            "version": "==2.0.2"
        },
        "django-sekizai": {
            "hashes": [
                "sha256:cbd48e7be29e8cc4108476b9420d7c391fc509a504bc20b60616b116ba6ea51e",
                "sha256:39c5d16ad694aa78278ca84fdc7b9f953ebcf94e2fc95b68c875d02014303260"
            ],
            "version": "==0.10.0"
        },
        "django-sortedm2m": {
            "hashes": [
                "sha256:52942b5295efcf252b6bbff58be70365d9f5d59d2e6d0f1bf9d9f2d0dbef4814"
            ],
            "version": "==1.5.0"
        },
        "django-spurl": {
            "hashes": [
                "sha256:5ba47f1fcc44af6f0ca808db97ea5eb265622c0daef619d4b3d1f6c83566c1b8",
                "sha256:d41b151090b09ffc32a60d39b8888945c23eded8e6d8b0bd2922ed61a073edb8"
            ],
            "version": "==0.6.5"
        },
        "django-standard-form": {
            "hashes": [
                "sha256:33d338e891ecf47ce2c6c892261ec2d62ae763c6b65a216e04edd9e69ccce3e4"
            ],
            "version": "==1.1.1"
        },
        "django-storages": {
            "hashes": [
                "sha256:f1dd5668a4df9a23aff56c8321ea3aac3fda23d9d17473158d308d1b13e5363e",
                "sha256:7339070cf0c8042f5a885783a0a909175a8dbb68e7f5697d597571c830a460c4"
            ],
            "version": "==1.6.6"
        },
        "django-taggit": {
            "hashes": [
                "sha256:58aa3e59e0643446e102523f22d137300298e2a537b1c5b0c310d99143f2c2b8",
                "sha256:fd13e304ba37ff09e601c4797d893fb7d3e699a789b5afb0b09d686f94470441"
            ],
            "version": "==0.22.2"
        },
        "django-taggit-autosuggest": {
            "hashes": [
                "sha256:23b8b6e1e1d78b157e9ad5c310e8ee7a4dd1c7120fa088ee72debc7aa547800e"
            ],
            "version": "==0.3.3"
        },
        "django-taggit-templatetags": {
            "hashes": [
                "sha256:9c5eea1d6e4f350176cdc86e6cbdbb26b6efd64b22b43ca89cae6357a9af829e",
                "sha256:20441941d1316a4347e21f2aabef177d982f2d5394e4deefefde219bdd7c4a77"
            ],
            "version": "==0.2.5"
        },
        "django-templatetag-sugar": {
            "hashes": [
                "sha256:90beafe5bc84686c328dcf685ce9f59f814104efd9a1fb5fb826e3ee3b7c2626",
                "sha256:e9f630549f6c174cf328b385190e18bfe308f74dc7eca13458163d316ed29a5e"
            ],
            "version": "==1.0"
        },
        "django-tinymce": {
            "hashes": [
                "sha256:ed1425aa370e20e8b84809feebc2cd42573790cfb74ad19a942affe8f13b9296",
                "sha256:a7594f342786834e4f6585334652c6a37f1e11ccbc3ea83ae76b9ff9b3cf590c"
            ],
            "version": "==2.7.0"
        },
        "django-treebeard": {
            "hashes": [
                "sha256:c21db06a8d4943bf2a28d9d7a119058698fb76116df2679ecbf15a46a501de42"
            ],
            "version": "==4.3"
        },
        "djangocms-admin-style": {
            "hashes": [
                "sha256:7c802e9b9e9b1cf9e36b2d1368faaae6bbd6cefaf6a55f069ec373a91338fae8",
                "sha256:7f7452f0d6b9d45f99949e8dd2f7a0fcc242d2134d6cec088ed2b3457e2c7954"
            ],
            "version": "==1.2.8"
        },
        "djangocms-apphook-setup": {
            "hashes": [
                "sha256:1251f38f8182ade181f334f65d3c54c420303b470617de2bddeb95da5a746cf0",
                "sha256:c7177e5f79f3f8c05ed219ea5d7259746f56e86f2615bf4d234304fd2d973754"
            ],
            "version": "==0.3.0"
        },
        "djangocms-attributes-field": {
            "hashes": [
                "sha256:2eab4a1ff13886b81926a8e2f298feb75339e281a8ffe01a1714b1b4230da927",
                "sha256:99ec4f4ef9b1df9fff346062e31c1c193552036c060dccf053e743d7b4fc31ac"
            ],
            "version": "==0.3.0"
        },
        "djangocms-blog": {
            "hashes": [
                "sha256:25981c205eff029936262fac0323778c5da6bcfc692f07e8efec23f11a41154b",
                "sha256:1632359603ea18aed8d5ef9effee5f0e023f6db257fe851b7acff4821e1536a4"
            ],
            "version": "==0.9.7"
        },
        "djangocms-picture": {
            "hashes": [
                "sha256:d5b41dbf7cadcb30cfcac8d540c7cf531b446b899f367734202a468c98988154"
            ],
            "version": "==2.0.6"
        },
        "djangocms-text-ckeditor": {
            "hashes": [
                "sha256:5bd39c0c9c430ad16fbc4e646bba45f615f6b01e5ea51bf35c84a8131b41fc0b",
                "sha256:a6f23df8647e3bb416d2ed4ce552896597741965faa37a80e201388a24e7ed36"
            ],
            "version": "==3.5.3"
        },
        "djangocms-video": {
            "hashes": [
                "sha256:aa0f6868ba282e88bc5a0886c7b9c7c85df4a7ec31a5ae86e7aa2be57f59568e"
            ],
            "version": "==2.0.4"
        },
        "djangorestframework": {
            "hashes": [
                "sha256:c375e4f95a3a64fccac412e36fb42ba36881e52313ec021ef410b40f67cddca4",
                "sha256:b6714c3e4b0f8d524f193c91ecf5f5450092c2145439ac2769711f7eba89a9d9"
            ],
            "version": "==3.8.2"
        },
        "djangorestframework-jsonp": {
            "hashes": [
                "sha256:fff4584e1a08f3c92f220eefb6f25907a54cc8fe39214ae058c572530f5c9277",
                "sha256:053c8dc58ff5c2f931834d6ec6568c308474912db2129af47c0683506e01b597"
            ],
            "version": "==1.0.2"
        },
        "easy-thumbnails": {
            "hashes": [
                "sha256:e244d1f26027fc32c6ca60ffb0169a39099446f614b0433e907a2588ae7d9b95"
            ],
            "version": "==2.5"
        },
        "elasticsearch": {
            "hashes": [
                "sha256:bb8f9a365ba6650d599428538c8aed42033264661d8f7d353da59d5892305f72",
                "sha256:fead47ebfcaabd1c53dbfc21403eb99ac207eef76de8002fe11a1c8ec9589ce2"
            ],
            "version": "==2.4.1"
        },
        "froide": {
            "editable": true,
            "git": "git@github.com:okfde/froide.git@82fc31bd59eb9e54ee6576b04c6087e27a5c5408"
        },
        "froide-campaign": {
            "editable": true,
            "git": "git@github.com:okfde/froide-campaign.git@33103c83dd47fac53dd0f81c66ce7f8c5f311a1a"
        },
        "froide-food": {
            "editable": true,
            "git": "git@github.com:okfde/froide-food.git@3c2422d75a69e4c798059075b15e82cbcc63d5b0"
        },
        "froide-legalaction": {
            "editable": true,
            "git": "git@github.com:okfde/froide-legalaction.git@02bfa08242d1db25822ffaf54641210adf47f426"
        },
        "geoip2": {
            "hashes": [
                "sha256:7e119472ca841fb39293272403476c7012fa7127541b2780a9e432a5ebbb4a89",
                "sha256:762e5ea1400d40772249c0778328b6fc82b82503092ceb48c00a7500d7ce4a64"
            ],
            "version": "==2.8.0"
        },
        "honcho": {
            "hashes": [
                "sha256:af5806bf13e3b20acdcb9ff8c0beb91eee6fe07393c3448dfad89667e6ac7576",
                "sha256:c189402ad2e337777283c6a12d0f4f61dc6dd20c254c9a3a4af5087fc66cea6e"
            ],
            "version": "==1.0.1"
        },
        "html5lib": {
            "hashes": [
                "sha256:2612a191a8d5842bfa057e41ba50bbb9dcb722419d2408c78cff4758d0754868"
            ],
            "version": "==0.9999999"
        },
        "idna": {
            "hashes": [
                "sha256:8c7309c718f94b3a625cb648ace320157ad16ff131ae0af362c9f21b80ef6ec4",
                "sha256:2c6a5de3089009e3da7c5dde64a141dbc8551d5b7f6cf4ed7c2568d0cc520a8f"
            ],
            "version": "==2.6"
        },
        "itypes": {
            "hashes": [
                "sha256:c6e77bb9fd68a4bfeb9d958fea421802282451a25bac4913ec94db82a899c073"
            ],
            "version": "==1.1.0"
        },
        "jinja2": {
            "hashes": [
                "sha256:74c935a1b8bb9a3947c50a54766a969d4846290e1e788ea44c1392163723c3bd",
                "sha256:f84be1bb0040caca4cea721fcbbbbd61f9be9464ca236387158b0feea01914a4"
            ],
            "version": "==2.10"
        },
        "jsonfield": {
            "hashes": [
                "sha256:a0a7fdee736ff049059409752b045281a225610fecbda9b9bd588ba976493c12",
                "sha256:beb1cd4850d6d6351c32daefcb826c01757744e9c863228a642f87a1a4acb834"
            ],
            "version": "==2.0.2"
        },
        "kombu": {
            "hashes": [
                "sha256:416aa6fb7b22125a3b65322eb26f5c4479d4830b3e7bad55191ac46438ef2b2b",
                "sha256:d601c47312833c0f6f4aaf037f293b2627398d4cf8526e6ba0360287294ee1fb"
            ],
            "version": "==4.2.0"
        },
        "lxml": {
            "hashes": [
                "sha256:65a272821d5d8194358d6b46f3ca727fa56a6b63981606eac737c86d27309cdd",
                "sha256:abbd2fb4a5a04c11b5e04eb146659a0cf67bb237dd3d7ca3b9994d3a9f826e55",
                "sha256:3682a17fbf72d56d7e46db2e80ca23850b79c28cfe75dcd9b82f58808f730909",
                "sha256:75322a531504d4f383264391d89993a42e286da8821ddc5ac315e57305cb84f0",
                "sha256:01c45df6d90497c20aa2a07789a41941f9a1029faa30bf725fc7f6d515b1afe9",
                "sha256:34d49d0f72dd82b9530322c48b70ac78cca0911275da741c3b1d2f3603c5f295",
                "sha256:1b46f37927fa6cd1f3fe34b54f1a23bd5bea1d905657289e08e1297069a1a597",
                "sha256:5b653c9379ce29ce271fbe1010c5396670f018e78b643e21beefbb3dc6d291de",
                "sha256:3cf2830b9a6ad7f6e965fa53a768d4d2372a7856f20ffa6ce43d2fe9c0d34b19",
                "sha256:1b164bba1320b14905dcff77da10d5ce9c411ac4acc4fb4ed9a2a4d10fae38c9",
                "sha256:c557ad647facb3c0027a9d0af58853f905e85a0a2f04dcb73f8e665272fcdc3a",
                "sha256:6b6379495d3baacf7ed755ac68547c8dff6ce5d37bf370f0b7678888dc1283f9",
                "sha256:8523fbde9c2216f3f2b950cb01ebe52e785eaa8a07ffeb456dd3576ca1b4fb9b",
                "sha256:a7182ea298cc3555ea56ffbb0748fe0d5e0d81451e2bc16d7f4645cd01b1ca70",
                "sha256:7f457cbda964257f443bac861d3a36732dcba8183149e7818ee2fb7c86901b94",
                "sha256:0c9fef4f8d444e337df96c54544aeb85b7215b2ed7483bb6c35de97ac99f1bcd",
                "sha256:7ff1fc76d8804e0f870c343a72007ff587090c218b0f92d8ee784ac2b6eaf5b9",
                "sha256:accc9f6b77bed0a6f267b4fae120f6008a951193d548cdbe9b61fc98a08b1cf8",
                "sha256:bd88c8ce0d1504fdfd96a35911dd4f3edfb2e560d7cfdb5a3d09aa571ae5fbae",
                "sha256:defabb7fbb99f9f7b3e0b24b286a46855caef4776495211b066e9e6592d12b04",
                "sha256:231047b05907315ae9a9b6925751f9fd2c479cf7b100fff62485a25e382ca0d4",
                "sha256:0e7996e9b46b4d8b4ac1c329a00e2d10edcd8380b95d2a676fccabf4c1dd0512",
                "sha256:691f2cd97cf026c611df1ea5055755eec7f878f2d4f4330dc8686583de6fc5fd",
                "sha256:1858b1933d483ec5727549d3fe166eeb54229fbd6a9d3d7ea26d2c8a28048058",
                "sha256:0e3cd94c95d30ba9ca3cff40e9b2a14e1a10a4fd8131105b86c6b61648f57e4b",
                "sha256:28f0c6652c1b130f1e576b60532f84b19379485eb8da6185c29bd8c9c9bc97bf",
                "sha256:8f37627f16e026523fca326f1b5c9a43534862fede6c3e99c2ba6a776d75c1ab",
                "sha256:e2629cdbcad82b83922a3488937632a4983ecc0fed3e5cfbf430d069382eeb9b"
            ],
            "version": "==4.2.1"
        },
        "markdown": {
            "hashes": [
                "sha256:9ba587db9daee7ec761cfc656272be6aabe2ed300fece21208e4aab2e457bc8f",
                "sha256:a856869c7ff079ad84a3e19cd87a64998350c2b94e9e08e44270faef33400f81"
            ],
            "version": "==2.6.11"
        },
        "markdown2": {
            "hashes": [
                "sha256:8bb9a24eb2aa02f1427aabe46483f0f0215ab18c8a345315ae8e2ee3c3a09c03"
            ],
            "version": "==2.3.5"
        },
        "markupsafe": {
            "hashes": [
                "sha256:a6be69091dac236ea9c6bc7d012beab42010fa914c459791d627dad4910eb665"
            ],
            "version": "==1.0"
        },
        "maxminddb": {
            "hashes": [
                "sha256:972399b6d08b4cbb7889f2d2489266d18811c5ef6109cc52eb28de4102bbc4be"
            ],
            "version": "==1.3.0"
        },
        "oauthlib": {
            "hashes": [
                "sha256:09d438bcac8f004ae348e721e9d8a7792a9e23cd574634e973173344046287f5",
                "sha256:909665297635fa11fe9914c146d875f2ed41c8c2d78e21a529dd71c0ba756508"
            ],
            "version": "==2.0.7"
        },
        "phonenumbers": {
            "hashes": [
                "sha256:86ceb7eb7eb99244b39fb6453fc90bf9ff3ccfa9d34130ea250ab17070f15032",
                "sha256:eec334a7908746b675a0ba296b3a11322ed970614b62f2a6e5f086de4f3e2a84"
            ],
            "version": "==8.9.6"
        },
        "pillow": {
            "hashes": [
                "sha256:f0d4433adce6075efd24fc0285135248b0b50f5a58129c7e552030e04fe45c7f",
                "sha256:81762cf5fca9a82b53b7b2d0e6b420e0f3b06167b97678c81d00470daa622d58",
                "sha256:b48401752496757e95304a46213c3155bc911ac884bed2e9b275ce1c1df3e293",
                "sha256:040144ba422216aecf7577484865ade90e1a475f867301c48bf9fbd7579efd76",
                "sha256:b6cf18f9e653a8077522bb3aa753a776b117e3e0cc872c25811cfdf1459491c2",
                "sha256:4d32c8e3623a61d6e29ccd024066cd1ba556555abfb4cd714155020e00107e3f",
                "sha256:438a3faf5f702c8d0f80b9f9f9b8382cfa048ca6a0d64ef71b86b563b0ee0359",
                "sha256:1cb38df69362af35c14d4a50123b63c7ff18ec9a6d4d5da629a6f19d05e16ba8",
                "sha256:4d8077fd649ac40a5c4165f2c22fa2a4ad18c668e271ecb2f9d849d1017a9313",
                "sha256:bb8adab1877e9213385cbb1adc297ed8337e01872c42a30cfaa66ff8c422779c",
                "sha256:f1f3bd92f8e12dc22884935a73c9f94c4d9bd0d34410c456540713d6b7832b8c",
                "sha256:6eca36905444c4b91fe61f1b9933a47a30480738a1dd26501ff67d94fc2bc112",
                "sha256:f7634d534662bbb08976db801ba27a112aee23e597eeaf09267b4575341e45bf",
                "sha256:eeb247f4f4d962942b3b555530b0c63b77473c7bfe475e51c6b75b7344b49ce3",
                "sha256:ea0091cd4100519cedfeea2c659f52291f535ac6725e2368bcf59e874f270efa",
                "sha256:e87cc1acbebf263f308a8494272c2d42016aa33c32bf14d209c81e1f65e11868",
                "sha256:3b4560c3891b05022c464b09121bd507c477505a4e19d703e1027a3a7c68d896",
                "sha256:7673e7473a13107059377c96c563aa36f73184c29d2926882e0a0210b779a1e7",
                "sha256:fe6931db24716a0845bd8c8915bd096b77c2a7043e6fc59ae9ca364fe816f08b",
                "sha256:f5f302db65e2e0ae96e26670818157640d3ca83a3054c290eff3631598dcf819",
                "sha256:9b66e968da9c4393f5795285528bc862c7b97b91251f31a08004a3c626d18114",
                "sha256:62ec7ae98357fcd46002c110bb7cad15fce532776f0cbe7ca1d44c49b837d49d",
                "sha256:d0dc1313dff48af64517cbbd85e046d6b477fbe5e9d69712801f024dcb08c62b",
                "sha256:00633bc2ec40313f4daf351855e506d296ec3c553f21b66720d0f1225ca84c6f",
                "sha256:16246261ff22368e5e32ad74d5ef40403ab6895171a7fc6d34f6c17cfc0f1943",
                "sha256:e52e8f675ba0b2b417fa98579e7286a41a8e23871f17f4793772f5aa884fea79",
                "sha256:6c7cab6a05351cf61e469937c49dbf3cdf5ffb3eeac71f8d22dc9be3507598d8",
                "sha256:e39142332541ed2884c257495504858b22c078a5d781059b07aba4c3a80d7551",
                "sha256:8554bbeb4218d9cfb1917c69e6f2d2ad0be9b18a775d2162547edf992e1f5f1f",
                "sha256:2400e122f7b21d9801798207e424cbe1f716cee7314cd0c8963fdb6fc564b5fb",
                "sha256:a00edb2dec0035e98ac3ec768086f0b06dfabb4ad308592ede364ef573692f55",
                "sha256:fdd374c02e8bb2d6468a85be50ea66e1c4ef9e809974c30d8576728473a6ed03",
                "sha256:df5863a21f91de5ecdf7d32a32f406dd9867ebb35d41033b8bd9607a21887599",
                "sha256:472a124c640bde4d5468f6991c9fa7e30b723d84ac4195a77c6ab6aea30f2b9c",
                "sha256:cee9bc75bff455d317b6947081df0824a8f118de2786dc3d74a3503fd631f4ef",
                "sha256:2ee6364b270b56a49e8b8a51488e847ab130adc1220c171bed6818c0d4742455",
                "sha256:03514478db61b034fc5d38b9bf060f994e5916776e93f02e59732a8270069c61",
                "sha256:74e2ebfd19c16c28ad43b8a28ff73b904ed382ea4875188838541751986e8c9a",
                "sha256:e6dd55d5d94b9e36929325dd0c9ab85bfde84a5fc35947c334c32af1af668944",
                "sha256:f42a87cbf50e905f49f053c0b1fb86c911c730624022bf44c8857244fc4cdaca",
                "sha256:d5bf527ed83617edd1855a5c923eeeaf68bcb9ac0ceb28e3f19b575b3a424984",
                "sha256:41374a6afb3f44794410dab54a0d7175e6209a5a02d407119c81083f1a4c1841",
                "sha256:c8a4b39ba380b57a31a4b5449a9d257b1302d8bc4799767e645dcee25725efe1"
            ],
            "version": "==5.1.0"
        },
        "psycopg2": {
            "hashes": [
                "sha256:aeaba399254ca79c299d9fe6aa811d3c3eac61458dee10270de7f4e71c624998",
                "sha256:1d90379d01d0dc50ae9b40c863933d87ff82d51dd7d52cea5d1cb7019afd72cd",
                "sha256:36030ca7f4b4519ee4f52a74edc4ec73c75abfb6ea1d80ac7480953d1c0aa3c3",
                "sha256:7cbc3b21ce2f681ca9ad2d8c0901090b23a30c955e980ebf1006d41f37068a95",
                "sha256:b178e0923c93393e16646155794521e063ec17b7cc9f943f15b7d4b39776ea2c",
                "sha256:fe6a7f87356116f5ea840c65b032af17deef0e1a5c34013a2962dd6f99b860dd",
                "sha256:6f302c486132f8dd11f143e919e236ea4467d53bf18c451cac577e6988ecbd05",
                "sha256:888bba7841116e529f407f15c6d28fe3ef0760df8c45257442ec2f14f161c871",
                "sha256:932a4c101af007cb3132b1f8a9ffef23386acc53dad46536dc5ba43a3235ae02",
                "sha256:179c52eb870110a8c1b460c86d4f696d58510ea025602cd3f81453746fccb94f",
                "sha256:33f9e1032095e1436fa9ec424abcbd4c170da934fb70e391c5d78275d0307c75",
                "sha256:092a80da1b052a181b6e6c765849c9b32d46c5dac3b81bf8c9b83e697f3cdbe8",
                "sha256:f3d3a88128f0c219bdc5b2d9ccd496517199660cea021c560a3252116df91cbd",
                "sha256:19983b77ec1fc2a210092aa0333ee48811fd9fb5f194c6cd5b927ed409aea5f8",
                "sha256:027ae518d0e3b8fff41990e598bc7774c3d08a3a20e9ecc0b59fb2aaaf152f7f",
                "sha256:363fbbf4189722fc46779be1fad2597e2c40b3f577dc618f353a46391cf5d235",
                "sha256:d74cf9234ba76426add5e123449be08993a9b13ff434c6efa3a07caa305a619f",
                "sha256:32702e3bd8bfe12b36226ba9846ed9e22336fc4bd710039d594b36bd432ae255",
                "sha256:8eb94c0625c529215b53c08fb4e461546e2f3fc96a49c13d5474b5ad7aeab6cf",
                "sha256:8ebba5314c609a05c6955e5773c7e0e57b8dd817e4f751f30de729be58fa5e78",
                "sha256:27467fd5af1dcc0a82d72927113b8f92da8f44b2efbdb8906bd76face95b596d",
                "sha256:b68e89bb086a9476fa85298caab43f92d0a6af135a5f433d1f6b6d82cafa7b55",
                "sha256:0b9851e798bae024ed1a2a6377a8dab4b8a128a56ed406f572f9f06194e4b275",
                "sha256:733166464598c239323142c071fa4c9b91c14359176e5ae7e202db6bcc1d2eb5",
                "sha256:ad75fe10bea19ad2188c5cb5fc4cdf53ee808d9b44578c94a3cd1e9fc2beb656",
                "sha256:8966829cb0d21a08a3c5ac971a2eb67c3927ae27c247300a8476554cc0ce2ae8",
                "sha256:8bf51191d60f6987482ef0cfe8511bbf4877a5aa7f313d7b488b53189cf26209"
            ],
            "version": "==2.7.4"
        },
        "pypdf2": {
            "hashes": [
                "sha256:e28f902f2f0a1603ea95ebe21dff311ef09be3d0f0ef29a3e44a932729564385"
            ],
            "version": "==1.26.0"
        },
        "python-magic": {
            "hashes": [
                "sha256:f2674dcfad52ae6c49d4803fa027809540b130db1dec928cfbb9240316831375",
                "sha256:f3765c0f582d2dfc72c15f3b5a82aecfae9498bd29ca840d72f37d7bd38bfcd5"
            ],
            "version": "==0.4.15"
        },
        "python-memcached": {
            "hashes": [
                "sha256:4dac64916871bd3550263323fc2ce18e1e439080a2d5670c594cf3118d99b594",
                "sha256:a2e28637be13ee0bf1a8b6843e7490f9456fd3f2a4cb60471733c7b5d5557e4f"
            ],
            "version": "==1.59"
        },
        "python-mimeparse": {
            "hashes": [
                "sha256:a295f03ff20341491bfe4717a39cd0a8cc9afad619ba44b77e86b0ab8a2b8282",
                "sha256:76e4b03d700a641fd7761d3cd4fdbbdcd787eade1ebfac43f877016328334f78"
            ],
            "version": "==1.6.0"
        },
        "python-slugify": {
            "hashes": [
                "sha256:5dbb360b882b2dabe0471a1a92f604504d83c2a73c71f2098d004ab62e695534"
            ],
            "version": "==1.2.5"
        },
        "pytz": {
            "hashes": [
                "sha256:65ae0c8101309c45772196b21b74c46b2e5d11b6275c45d251b150d5da334555",
                "sha256:c06425302f2cf668f1bba7a0a03f3c1d34d4ebeef2c72003da308b3947c7f749"
            ],
            "version": "==2018.4"
        },
        "raven": {
            "hashes": [
                "sha256:1c641e5ebc2d4185560608e253970ca0d4b98475f4edf67735015a415f9e1d48",
                "sha256:95aecf76c414facaddbb056f3e98c7936318123e467728f2e50b3a66b65a6ef7"
            ],
            "version": "==6.8.0"
        },
        "reportlab": {
            "hashes": [
                "sha256:b2931888c135151f1eaacfccd7df3a7701404c2741470f75827f01e6a576c2d3",
                "sha256:a7c38d4dbfaea4685fb40bdf8a35caee94633ab66ffa951c845c78d3b288a693",
                "sha256:0474d275d83d850f24e3ccdacab1e81393cd43504a30808651ea909e52792624",
                "sha256:64bb24267ae4f35436f04913fcffb84f9f40d86545cc1dcce78df0f49451d0af",
                "sha256:582cf2acc6665e082bf7b2d9a78c6217a54fc666679d413c32b9c8f43ba6ee26",
                "sha256:d54b1a4ab3ac016dd0fc5ffb495ce8a174e0601d9f8ff9e023924c661400b629",
                "sha256:775259f56d9ec8715c64542fa3504d8ccb37dab7e0814a1949895f8f1412198c",
                "sha256:86cb27afdee2e767255c2563402e64a6e0b15c3d4fc6b270a7ed79bad7582b8e",
                "sha256:917c38d256422d3a8d17cff3de05e425c3ffeb6d535174ce9b2c7d04ce5eadd1",
                "sha256:6b019655ec42ea1fb7e1ae2017de5a6ad5ce3ed74e510fa4bbcba2afe3e836a4",
                "sha256:fdc6d44d7881259bb2bc7d85fea5d6e4965844f94391b07e5b3c899a9b5c2baa",
                "sha256:539fb522fb5717f7c11388f474c1cfb2958b4b94774eecffab7a40eeb8ba797c",
                "sha256:ab610aa2e80051d54eca8f8fb1f00fc995624dc5a44c10a4740397b66aedf915",
                "sha256:a71b183f34a55bbf127ef9b30a00400559fcb68d677bb63c9eda1094a09c2b01",
                "sha256:98e8d49597b2611b4cfe8c4c80abe7885c1e0dac2b458f4ca4b4d8ce58319815",
                "sha256:cdf8df8123b510b9ad3ec7f80e83fc7dbc4c16640264080966789190b27af04e",
                "sha256:2d39db61b6d7d003e10bd170698fffef3e12b2ed86e14e3e57112ac448e9d8cb",
                "sha256:fa5d0f881d107d7e7528f16462a19419f8da1da9ceb801974f05fd2d211f336d",
                "sha256:554438f00e83b16302f84db06f3b18b0ebef85c57becc873155f388cdd22e2b5",
                "sha256:108b59f384bcdeb64147be778c700083cc5e81d1e15d7ab1980c92f177421087",
                "sha256:7198c012a6e706dbae349a36f2e599a4a1a01e37cbfc86fb137d79614c5a5011",
                "sha256:3adaca93567100236ecf0027f4fca5738cc26cc333438853d3d5f3f88d024b6f",
                "sha256:5beaf35e59dfd5ebd814fdefd76908292e818c982bd7332b5d347dfd2f01c343"
            ],
            "version": "==3.4.0"
        },
        "requests": {
            "hashes": [
                "sha256:6a1b267aa90cac58ac3a765d067950e7dbbf75b1da07e895d1f594193a40a38b",
                "sha256:9c443e7324ba5b85070c4a818ade28bfabedf16ea10206da1132edaa6dda237e"
            ],
            "version": "==2.18.4"
        },
        "six": {
            "hashes": [
                "sha256:832dc0e10feb1aa2c68dcc57dbb658f1c7e65b9b61af69048abc87a2db00a0eb",
                "sha256:70e8a77beed4562e7f14fe23a786b54f6296e34344c23bc42f07b15018ff98e9"
            ],
            "version": "==1.11.0"
        },
        "tesserocr": {
            "editable": true,
            "git": "//github.com/sirfz/tesserocr.git",
            "ref": "33209fb2365b73929cd903e01a20aa6c301cdfd2"
        },
        "unicodecsv": {
            "hashes": [
                "sha256:018c08037d48649a0412063ff4eda26eaa81eff1546dbffa51fa5293276ff7fc"
            ],
            "version": "==0.14.1"
        },
        "unidecode": {
            "hashes": [
                "sha256:61f807220eda0203a774a09f84b4304a3f93b5944110cc132af29ddb81366883",
                "sha256:280a6ab88e1f2eb5af79edff450021a0d3f0448952847cd79677e55e58bad051"
            ],
            "version": "==0.4.21"
        },
        "uritemplate": {
            "hashes": [
                "sha256:01c69f4fe8ed503b2951bef85d996a9d22434d2431584b5b107b2981ff416fbd",
                "sha256:1b9c467a940ce9fb9f50df819e8ddd14696f89b9a8cc87ac77952ba416e0a8fd",
                "sha256:c02643cebe23fc8adb5e6becffe201185bf06c40bda5c0b4028a93f1527d011d"
            ],
            "version": "==3.0.0"
        },
        "urllib3": {
            "hashes": [
                "sha256:06330f386d6e4b195fbfc736b297f58c5a892e4440e54d294d7004e3a9bbea1b",
                "sha256:cc44da8e1145637334317feebd728bd869a35285b93cbb4cca2577da7e62db4f"
            ],
            "version": "==1.22"
        },
        "urlobject": {
            "hashes": [
                "sha256:47b2e20e6ab9c8366b2f4a3566b6ff4053025dad311c4bb71279bbcfa2430caa"
            ],
            "version": "==2.4.3"
        },
        "vine": {
            "hashes": [
                "sha256:6849544be74ec3638e84d90bc1cf2e1e9224cc10d96cd4383ec3f69e9bce077b",
                "sha256:52116d59bc45392af9fdd3b75ed98ae48a93e822cee21e5fda249105c59a7a72"
            ],
            "version": "==1.1.4"
        },
        "wand": {
            "hashes": [
                "sha256:fb50d0ad4cad995f0b59b13f76bced22682ab80b4299084a2c3c535b225850c9",
                "sha256:28e0454c9d16d69c5d5034918d96320d8f9f1377b4fdaf4944eec2f938c74704"
            ],
            "version": "==0.4.4"
        },
        "yurl": {
            "hashes": [
                "sha256:a8ba9c065da393704fc029f13d2d7d850a9dfd6b8deae6960749eecea282693d"
            ],
            "version": "==0.13"
        }
    },
    "develop": {
        "amqp": {
            "hashes": [
                "sha256:4e28d3ea61a64ae61830000c909662cb053642efddbe96503db0e7783a6ee85b",
                "sha256:cba1ace9d4ff6049b190d8b7991f9c1006b443a5238021aca96dd6ad2ac9da22"
            ],
            "version": "==2.2.2"
        },
        "babel": {
            "hashes": [
                "sha256:ad209a68d7162c4cff4b29cdebe3dec4cef75492df501b0049a9433c96ce6f80",
                "sha256:8ce4cb6fdd4393edd323227cba3a077bceb2a6ce5201c902c65e730046f41f14"
            ],
            "version": "==2.5.3"
        },
        "billiard": {
            "hashes": [
                "sha256:abd9ce008c9a71ccde2c816f8daa36246e92a21e6a799831b887d88277187ecd",
                "sha256:1d7b22bdc47aa52841120fcd22a74ae4fc8c13e9d3935643098184f5788c3ce6"
            ],
            "version": "==3.5.0.3"
        },
        "celery": {
            "hashes": [
                "sha256:6fc4678d1692af97e137b2a9f1c04efd8e7e2fb7134c5c5ad60738cdd927762f",
                "sha256:d1f2a3359bdbdfb344edce98b8e891f5fe64f8a11c5a45538ec20ac237c971f5"
            ],
            "version": "==4.1.1"
        },
        "flower": {
            "hashes": [
                "sha256:a7a828c2dbea7e9cff1c86d63626f0eeb047b1b1e9a0ee5daad30771fb51e6d0"
            ],
            "version": "==0.9.2"
        },
        "gunicorn": {
            "hashes": [
                "sha256:7ef2b828b335ed58e3b64ffa84caceb0a7dd7c5ca12f217241350dec36a1d5dc",
                "sha256:bc59005979efb6d2dd7d5ba72d99f8a8422862ad17ff3a16e900684630dd2a10"
            ],
            "version": "==19.8.1"
        },
        "kombu": {
            "hashes": [
                "sha256:416aa6fb7b22125a3b65322eb26f5c4479d4830b3e7bad55191ac46438ef2b2b",
                "sha256:d601c47312833c0f6f4aaf037f293b2627398d4cf8526e6ba0360287294ee1fb"
            ],
            "version": "==4.2.0"
        },
        "pytz": {
            "hashes": [
                "sha256:65ae0c8101309c45772196b21b74c46b2e5d11b6275c45d251b150d5da334555",
                "sha256:c06425302f2cf668f1bba7a0a03f3c1d34d4ebeef2c72003da308b3947c7f749"
            ],
            "version": "==2018.4"
        },
        "tornado": {
            "hashes": [
                "sha256:88ce0282cce70df9045e515f578c78f1ebc35dcabe1d70f800c3583ebda7f5f5",
                "sha256:ba9fbb249ac5390bff8a1d6aa4b844fd400701069bda7d2e380dfe2217895101",
                "sha256:408d129e9d13d3c55aa73f8084aa97d5f90ed84132e38d6932e63a67d5bec563",
                "sha256:c050089173c2e9272244bccfb6a8615fb9e53b79420a5551acfa76094ecc3111",
                "sha256:1b83d5c10550f2653380b4c77331d6f8850f287c4f67d7ce1e1c639d9222fbc7"
            ],
            "version": "==5.0.2"
        },
        "vine": {
            "hashes": [
                "sha256:6849544be74ec3638e84d90bc1cf2e1e9224cc10d96cd4383ec3f69e9bce077b",
                "sha256:52116d59bc45392af9fdd3b75ed98ae48a93e822cee21e5fda249105c59a7a72"
            ],
            "version": "==1.1.4"
        }
    }
}
