{
    "_meta": {
        "hash": {
            "sha256": "e5ded628eb12db79bc3e3330b520a201010f248baa1f46bd4577dd73476885ff"
        },
        "pipfile-spec": 6,
        "requires": {},
        "sources": [
            {
                "url": "https://pypi.python.org/simple",
                "verify_ssl": true
            }
        ]
    },
    "default": {
        "aldryn-apphooks-config": {
            "hashes": [
                "sha256:756a9615c6782b007d561148d74d032076ac4488f37930398828e66590d94444",
                "sha256:bc73f70afa2744605a10656b2bfb097fc2037420613447698f1d83536d7e7538"
            ],
            "version": "==0.4.1"
        },
        "aldryn-boilerplates": {
            "hashes": [
                "sha256:2f72db91392c492ac336e0a78443c5c55dc4c00b247b77ebc7dad207c5f6ef53",
                "sha256:fb6298942e7ad2de9264a73088b708cb6d791e32984e4bc7b162bb26f5fe410f"
            ],
            "version": "==0.7.7"
        },
        "aldryn-common": {
            "hashes": [
                "sha256:3f7ce7d24dd76582879e0ad6b4c0365fe65212ef3e23cda2659e70a3934e84e2"
            ],
            "version": "==1.0.4"
        },
        "aldryn-search": {
            "hashes": [
                "sha256:4136c94f94a8f14e682d6c744f9d5d0c48fa7e30e427fe9083cf00104f776fd3",
                "sha256:a8ee873bd02806098524c0c47168d0f7e1d23a5a5223dddccfbe874e5637d139"
            ],
            "version": "==1.0.1"
        },
        "amqp": {
            "hashes": [
                "sha256:073dd02fdd73041bffc913b767866015147b61f2a9bc104daef172fc1a0066eb",
                "sha256:eed41946890cd43e8dee44a316b85cf6fee5a1a34bb4a562b660a358eb529e1b"
            ],
            "version": "==2.3.2"
        },
        "anyjson": {
            "hashes": [
                "sha256:37812d863c9ad3e35c0734c42e0bf0320ce8c3bed82cd20ad54cb34d158157ba"
            ],
            "version": "==0.3.3"
        },
        "billiard": {
            "hashes": [
                "sha256:1d7b22bdc47aa52841120fcd22a74ae4fc8c13e9d3935643098184f5788c3ce6",
                "sha256:abd9ce008c9a71ccde2c816f8daa36246e92a21e6a799831b887d88277187ecd"
            ],
            "version": "==3.5.0.3"
        },
        "celery": {
            "hashes": [
                "sha256:2082cbd82effa8ac8a8a58977d70bb203a9f362817e3b66f4578117b9f93d8a9",
                "sha256:ff727c115533edbc7b81b2b4ba1ec88d1c2fc4836e1e2f4c3c33a76ff53e5d7f"
            ],
            "version": "==4.2.0"
        },
        "celery-haystack": {
            "hashes": [
                "sha256:b6e2a3c70071bef0838ca1a7d9f14fae6c2ecf385704092e59b82147a1ee552e",
                "sha256:ec1f39050661e033f554de99cb9393c2e94427667ff5401f16393b2a68f888fc"
            ],
            "version": "==0.10"
        },
        "certifi": {
            "hashes": [
                "sha256:13e698f54293db9f89122b0581843a782ad0934a4fe0172d2a980ba77fc61bb7",
                "sha256:9fa520c1bacfb634fa7af20a76bcbd3d5fb390481724c597da32c719a7dca4b0"
            ],
            "version": "==2018.4.16"
        },
        "chardet": {
            "hashes": [
                "sha256:84ab92ed1c4d4f16916e05906b6b75a6c0fb5db821cc65e70cbd64a3e2a5eaae",
                "sha256:fc323ffcaeaed0e0a02bf4d117757b98aed530d9ed4531e3e15460124c106691"
            ],
            "version": "==3.0.4"
        },
        "cmsplugin-filer": {
            "hashes": [
                "sha256:d9a1c57448b5a55712cf6baf25e43703d37f75162bbd540aeb19ecb832c27e3f",
                "sha256:e1573b391e58682c796a922e60d5bfd0c96461395663a6cee536fe6c343c14ec"
            ],
            "version": "==1.1.3"
        },
        "coreapi": {
            "hashes": [
                "sha256:46145fcc1f7017c076a2ef684969b641d18a2991051fddec9458ad3f78ffc1cb",
                "sha256:bf39d118d6d3e171f10df9ede5666f63ad80bba9a29a8ec17726a66cf52ee6f3"
            ],
            "version": "==2.3.3"
        },
        "coreschema": {
            "hashes": [
                "sha256:5e6ef7bf38c1525d5e55a895934ab4273548629f16aed5c0a6caa74ebf45551f",
                "sha256:9503506007d482ab0867ba14724b93c18a33b22b6d19fb419ef2d239dd4a1607"
            ],
            "version": "==0.0.4"
        },
        "cython": {
            "hashes": [
                "sha256:0344e9352b0915910e212c38403b63f902ce1cba75dde7a43a9112ff960eb2a5",
                "sha256:0a390c39e912fc5f82d5feae2d16ea061971407099e1efb0fecb255cb96fbeff",
                "sha256:0f2b2e09f94c498f555935e732b7321b5f62f00e7a789238f6c5ddd66987a54d",
                "sha256:15614592616b6dd5e919e158796350ebeba6cb6b5d2998cfff41b53f568c8355",
                "sha256:1aae6d6e9858888144cea147eb5e677830f45faaff3d305d77378c3cba55f526",
                "sha256:200583297f23e558744bc4688d8a2b2605ab6ad7d1494a9fd8c8094ad65ebf3c",
                "sha256:295facc211a6b55db9979455b856180f2839be22ab767ffdea55986bee83ca9f",
                "sha256:36c16bf39280fe857213d8da31c07a6179d3878c3dc2e435dce0974b9f8f0729",
                "sha256:3fef8dfa9cf86ab7814ca31369374ddd5b9524f54406aa83b53b5937965b8e88",
                "sha256:439d233d3214e3d69c033a9a93516758f2c8a03e83ea51ae14b6eed13687d224",
                "sha256:455ab39c6c0849a6c008fcdf2fae42475f18d0801a3be229e8f75367bbe3b325",
                "sha256:56821e3791209e6a11992e294afbf7e3dcda7d4fd54d06396dd521928d3d14fe",
                "sha256:62b594584889b33bbea7e71f9d7c5c6539091b341334ef7ca1ae7e30a9dd3e15",
                "sha256:70f81a75fb25c1c3c61843e3a6fe771a76c4ebf4d154455a7eff0740ad47dff4",
                "sha256:8011090beb09251cb4ece1e14263e574b38eda696b788552b369ad343373d0e9",
                "sha256:80d6a0369333a162fc32a22637f5870f3e87fb038c7b58860bbe00b05b58aa62",
                "sha256:85b04e32af58a3c008c0ba8169017770aaa342a5972b748f81d043d66363e437",
                "sha256:9ed273d82116fa148c92901b9639030e087979d455982bd7bf727fb486c0bd17",
                "sha256:a1af59e6c9b4acc07c429d8495fc016a35e0a1270f28c57317352f512df7e214",
                "sha256:b894ff4daf8dfaf657bf2d5e7190a4de11b2400b1e0fb0902974d35c23a26dea",
                "sha256:c2659981150b4de04397dcfd4bff64e384d3ba25af60d1b22820fdf108298cb2",
                "sha256:c981a750858f1727995acf861ab030b267d264ca6efda2f01104941187a3675f",
                "sha256:cc4152b19ec168391f7815d24b70c8911829ba281bd5fcd98cab9dc21abe62ff",
                "sha256:d0f5b1668e7f7f6fc9849f49a20c5db10562a0ab29cd66818894dfebbca7b304",
                "sha256:d7152006ed1a3adb8f978077b57d237ddafa188240af53cd72b5c79e4ed000e3",
                "sha256:e5f877472993474296125c22b84c334b550010815e513cccce73da854a132d64",
                "sha256:e7c2c87ff2f99ed4be1bb046d6eddfb388af627928037f9e0a420c05daaf14ed",
                "sha256:edd7d499685655031be5b4d33005096b6345f81eeb7ab9d2dd415db0c7bcf64e",
                "sha256:f99a777fda569a88deea863eac2722b5e88957c4d5f4413949740da791857ac9"
            ],
            "version": "==0.28.3"
        },
        "dj-database-url": {
            "hashes": [
                "sha256:4aeaeb1f573c74835b0686a2b46b85990571159ffc21aa57ecd4d1e1cb334163",
                "sha256:851785365761ebe4994a921b433062309eb882fedd318e1b0fcecc607ed02da9"
            ],
            "version": "==0.5.0"
        },
        "django": {
            "hashes": [
                "sha256:18986bcffe69653a84eaf1faa1fa5a7eded32cee41cfecc77fdc65a3e046404d",
                "sha256:46adfe8e0abe4d1f026c1086889970b611aec492784fbdfbdaabc2457360a4a5"
            ],
            "version": "==1.11.13"
        },
        "django-appconf": {
            "hashes": [
                "sha256:6a4d9aea683b4c224d97ab8ee11ad2d29a37072c0c6c509896dd9857466fb261",
                "sha256:ddab987d14b26731352c01ee69c090a4ebfc9141ed223bef039d79587f22acd9"
            ],
            "version": "==1.0.2"
        },
        "django-appdata": {
            "hashes": [
                "sha256:bfad03d0f787e052db60eba6c20195f5dd4eded63e6fb2bf68e28614e8aa03f2",
                "sha256:cd7c94f7b45e1c861ead341981b281129f22aa9b637528b8c0fdcd72ec504266"
            ],
            "version": "==0.2.0"
        },
        "django-cache-url": {
            "hashes": [
                "sha256:235950e2d7cb16164082167c2974301e2f0fb2313d40bfacc9d24f5b09c3514b",
                "sha256:964120787dc80e568a355385a3880a19f2f00219c251903956f3137d1583d097"
            ],
            "version": "==3.0.0"
        },
        "django-celery-email": {
            "hashes": [
                "sha256:1d20120569edd233d7f5a22460b60410b4d8f7c0f1ef66889e1267762aeacbf5",
                "sha256:29894330d621a0794b2e82e63220ccc5f1dbd539f5cedd9e183616dc2f72f973"
            ],
            "version": "==2.0.0"
        },
        "django-classy-tags": {
            "hashes": [
                "sha256:792f9161d0e22d55b4fab6fc297bab8ab072ffaa3075b227613a6d8473624db8",
                "sha256:f6d12f5a4df3e387795a0d9ef2836af389cae9a1fbebda035dac043d4722b1f7"
            ],
            "version": "==0.8.0"
        },
        "django-cms": {
            "hashes": [
                "sha256:31e172ca8238a7a78184b45da919b7dfd7f593af34948e834e78ac0a2b767536",
                "sha256:961e17223087d80004205b86062dcd26765264534bdb7020bd4d610279307c55"
            ],
            "version": "==3.5.2"
        },
        "django-configurations": {
            "hashes": [
                "sha256:b4a4eb3ed631c2abbeb7008b5cc5d8d04b190df838e7b613731d728f674f3a2f",
                "sha256:be47e25d070fd005cc8fbd6c913c9ec37e83d04686937afe18ca6c579b2cdedb"
            ],
            "version": "==2.0"
        },
        "django-contrib-comments": {
            "hashes": [
                "sha256:7d966bb5bda3ded47a652ae9b0b0b2d3234ea2d3d37ca04b360fce2c117fba2f",
                "sha256:9c666f162ab7b57ed6a77a29d01d92d6ea95d850c1e0c1cd2e50d81bc7e66f5e"
            ],
            "version": "==1.8.0"
        },
        "django-filer": {
            "hashes": [
                "sha256:192b8039d167d1fc71423f65dd0d9b67a296f4336a942dba95bcadc1fb734d81",
                "sha256:7eb57930593641f586a3bb34a5ea6bd0f96c12e3b1270344376355310f0768a9"
            ],
            "version": "==1.3.2"
        },
        "django-filter": {
            "hashes": [
                "sha256:ea204242ea83790e1512c9d0d8255002a652a6f4986e93cee664f28955ba0c22",
                "sha256:ec0ef1ba23ef95b1620f5d481334413700fb33f45cd76d56a63f4b0b1d76976a"
            ],
            "version": "==1.1.0"
        },
        "django-floppyforms": {
            "hashes": [
                "sha256:155f94a2b6341b02de16a1d8efea0ab77f1869d3185c2f07381cca0cafffe2dd"
            ],
            "version": "==1.7.0"
        },
        "django-formtools": {
            "hashes": [
                "sha256:7703793f1675aa6e871f9fed147e8563816d7a5b9affdc5e3459899596217f7c",
                "sha256:cb2bd7c29c2104278e5a0e76f7ff256b9570acf11485d547ee0c1b35347359fb"
            ],
            "version": "==2.1"
        },
        "django-fsm": {
            "hashes": [
                "sha256:13da2fbec4284dcf2235157c299306f67b788bd39126bed3cdbcc6a8f17575e9",
                "sha256:c4790469e4f54b6cc95a3ac2c1bd1cdadeb04b0f3578e2472cdd857543a56e67"
            ],
            "version": "==2.6.0"
        },
        "django-haystack": {
            "hashes": [
                "sha256:8b54bcc926596765d0a3383d693bcdd76109c7abb6b2323b3984a39e3576028c"
            ],
            "version": "==2.8.1"
        },
        "django-leaflet": {
            "hashes": [
                "sha256:efdf98ae0bb52f1c5e0fdceb20b870dc6a58378340366a9083f857ccea66117b"
            ],
            "version": "==0.24.0"
        },
        "django-markdown-deux": {
            "hashes": [
                "sha256:5b4a3cd9454af5b4cec0e19151b41d98d09400ddae0688afb81dbf62a4edafff"
            ],
            "version": "==1.0.5"
        },
        "django-meta": {
            "hashes": [
                "sha256:21fc5d0d5fcacda5d038af0babd08afaa4d5bed1b746edb6522c4d3435da8db6",
                "sha256:dd4a440223cc6243a7815c183b6ada1f11b99b4d672471e67f8db4d8b48a5674"
            ],
            "version": "==1.4.1"
        },
        "django-meta-mixin": {
            "hashes": [
                "sha256:1d257a0557382c39c21b1f9cf6da470196e36413824d0b20143a31a566184049",
                "sha256:b3910fd7b45c55660f49674c555a786abfbcd8a2518e3cf6565795eabea83929"
            ],
            "version": "==0.3.0"
        },
        "django-mptt": {
            "hashes": [
                "sha256:422cc3b4326edfdba65ba5d59b29540f72581bafab53c439d90a89101d2eacc8",
                "sha256:b6c80983bad659cfe7ebd04c95410969cf66ca89dcf8774f33b3fb0e0016270d"
            ],
            "version": "==0.8.7"
        },
        "django-oauth-toolkit": {
            "hashes": [
                "sha256:5eb68432e0869451bad81d127bb2de7a20cb5c5343518bc8d24befe6eaa34e16",
                "sha256:c006e804ecfdc98ffeb943100dbb0b5e6d82c969c7cb672bc999f1f3a403cb01"
            ],
            "version": "==1.1.2"
        },
        "django-overextends": {
            "hashes": [
                "sha256:e9c1082e384473ec03ab53821691d79a3f160fef43c15a0de44741b5e9430e4d",
                "sha256:f53bfcec62731d1b4811745616ddefa849faee98874b01bbabd794381cbb8261"
            ],
            "version": "==0.4.3"
        },
        "django-parler": {
            "hashes": [
                "sha256:979295a977f8eb6a3567d3f08faa718ef6e66edc38bdaf5de23f6c7346ecb038",
                "sha256:9f1508c75aca387d06ac21fb9bfffbb8fd12b04d268aa25b0c5e56a33909bcdd"
            ],
            "version": "==1.9.2"
        },
        "django-polymorphic": {
            "hashes": [
                "sha256:317bde04d5b218fa1ad07734dfbbbd3947c9495650ba7e015c5d4f6def00c879",
                "sha256:e1821d7b5874509a158a0f22bebf544330e0944c481c5a3e6da6cac8887e4e88"
            ],
            "version": "==2.0.2"
        },
        "django-sekizai": {
            "hashes": [
                "sha256:39c5d16ad694aa78278ca84fdc7b9f953ebcf94e2fc95b68c875d02014303260",
                "sha256:cbd48e7be29e8cc4108476b9420d7c391fc509a504bc20b60616b116ba6ea51e"
            ],
            "version": "==0.10.0"
        },
        "django-sortedm2m": {
            "hashes": [
                "sha256:52942b5295efcf252b6bbff58be70365d9f5d59d2e6d0f1bf9d9f2d0dbef4814"
            ],
            "version": "==1.5.0"
        },
        "django-spurl": {
            "hashes": [
                "sha256:5ba47f1fcc44af6f0ca808db97ea5eb265622c0daef619d4b3d1f6c83566c1b8",
                "sha256:d41b151090b09ffc32a60d39b8888945c23eded8e6d8b0bd2922ed61a073edb8"
            ],
            "version": "==0.6.5"
        },
        "django-standard-form": {
            "hashes": [
                "sha256:33d338e891ecf47ce2c6c892261ec2d62ae763c6b65a216e04edd9e69ccce3e4"
            ],
            "version": "==1.1.1"
        },
        "django-storages": {
            "hashes": [
                "sha256:7339070cf0c8042f5a885783a0a909175a8dbb68e7f5697d597571c830a460c4",
                "sha256:f1dd5668a4df9a23aff56c8321ea3aac3fda23d9d17473158d308d1b13e5363e"
            ],
            "version": "==1.6.6"
        },
        "django-taggit": {
            "hashes": [
                "sha256:58aa3e59e0643446e102523f22d137300298e2a537b1c5b0c310d99143f2c2b8",
                "sha256:fd13e304ba37ff09e601c4797d893fb7d3e699a789b5afb0b09d686f94470441"
            ],
            "version": "==0.22.2"
        },
        "django-taggit-autosuggest": {
            "hashes": [
                "sha256:23b8b6e1e1d78b157e9ad5c310e8ee7a4dd1c7120fa088ee72debc7aa547800e"
            ],
            "version": "==0.3.3"
        },
        "django-taggit-templatetags": {
            "hashes": [
                "sha256:20441941d1316a4347e21f2aabef177d982f2d5394e4deefefde219bdd7c4a77",
                "sha256:9c5eea1d6e4f350176cdc86e6cbdbb26b6efd64b22b43ca89cae6357a9af829e"
            ],
            "version": "==0.2.5"
        },
        "django-templatetag-sugar": {
            "hashes": [
                "sha256:90beafe5bc84686c328dcf685ce9f59f814104efd9a1fb5fb826e3ee3b7c2626",
                "sha256:e9f630549f6c174cf328b385190e18bfe308f74dc7eca13458163d316ed29a5e"
            ],
            "version": "==1.0"
        },
        "django-tinymce": {
            "hashes": [
                "sha256:a7594f342786834e4f6585334652c6a37f1e11ccbc3ea83ae76b9ff9b3cf590c",
                "sha256:ed1425aa370e20e8b84809feebc2cd42573790cfb74ad19a942affe8f13b9296"
            ],
            "version": "==2.7.0"
        },
        "django-treebeard": {
            "hashes": [
                "sha256:c21db06a8d4943bf2a28d9d7a119058698fb76116df2679ecbf15a46a501de42"
            ],
            "version": "==4.3"
        },
        "djangocms-admin-style": {
            "hashes": [
                "sha256:7c802e9b9e9b1cf9e36b2d1368faaae6bbd6cefaf6a55f069ec373a91338fae8",
                "sha256:7f7452f0d6b9d45f99949e8dd2f7a0fcc242d2134d6cec088ed2b3457e2c7954"
            ],
            "version": "==1.2.8"
        },
        "djangocms-apphook-setup": {
            "hashes": [
                "sha256:1251f38f8182ade181f334f65d3c54c420303b470617de2bddeb95da5a746cf0",
                "sha256:c7177e5f79f3f8c05ed219ea5d7259746f56e86f2615bf4d234304fd2d973754"
            ],
            "version": "==0.3.0"
        },
        "djangocms-attributes-field": {
            "hashes": [
                "sha256:2eab4a1ff13886b81926a8e2f298feb75339e281a8ffe01a1714b1b4230da927",
                "sha256:99ec4f4ef9b1df9fff346062e31c1c193552036c060dccf053e743d7b4fc31ac"
            ],
            "version": "==0.3.0"
        },
        "djangocms-blog": {
            "hashes": [
                "sha256:1632359603ea18aed8d5ef9effee5f0e023f6db257fe851b7acff4821e1536a4",
                "sha256:25981c205eff029936262fac0323778c5da6bcfc692f07e8efec23f11a41154b"
            ],
            "version": "==0.9.7"
        },
        "djangocms-picture": {
            "hashes": [
                "sha256:d5b41dbf7cadcb30cfcac8d540c7cf531b446b899f367734202a468c98988154"
            ],
            "version": "==2.0.6"
        },
        "djangocms-text-ckeditor": {
            "hashes": [
                "sha256:5bd39c0c9c430ad16fbc4e646bba45f615f6b01e5ea51bf35c84a8131b41fc0b",
                "sha256:a6f23df8647e3bb416d2ed4ce552896597741965faa37a80e201388a24e7ed36"
            ],
            "version": "==3.5.3"
        },
        "djangocms-video": {
            "hashes": [
                "sha256:aa0f6868ba282e88bc5a0886c7b9c7c85df4a7ec31a5ae86e7aa2be57f59568e"
            ],
            "version": "==2.0.4"
        },
        "djangorestframework": {
            "hashes": [
                "sha256:b6714c3e4b0f8d524f193c91ecf5f5450092c2145439ac2769711f7eba89a9d9",
                "sha256:c375e4f95a3a64fccac412e36fb42ba36881e52313ec021ef410b40f67cddca4"
            ],
            "version": "==3.8.2"
        },
        "djangorestframework-jsonp": {
            "hashes": [
                "sha256:053c8dc58ff5c2f931834d6ec6568c308474912db2129af47c0683506e01b597",
                "sha256:fff4584e1a08f3c92f220eefb6f25907a54cc8fe39214ae058c572530f5c9277"
            ],
            "version": "==1.0.2"
        },
        "easy-thumbnails": {
            "hashes": [
                "sha256:e244d1f26027fc32c6ca60ffb0169a39099446f614b0433e907a2588ae7d9b95"
            ],
            "version": "==2.5"
        },
        "elasticsearch": {
            "hashes": [
                "sha256:bb8f9a365ba6650d599428538c8aed42033264661d8f7d353da59d5892305f72",
                "sha256:fead47ebfcaabd1c53dbfc21403eb99ac207eef76de8002fe11a1c8ec9589ce2"
            ],
            "version": "==2.4.1"
        },
        "froide": {
            "editable": true,
            "git": "git://github.com/okfde/froide.git",
            "ref": "master"
        },
        "froide-campaign": {
            "editable": true,
            "git": "git://github.com/okfde/froide-campaign.git",
            "ref": "master"
        },
        "froide-food": {
            "editable": true,
            "git": "git://github.com/okfde/froide-food.git",
            "ref": "master"
        },
        "froide-legalaction": {
            "editable": true,
            "git": "git://github.com/okfde/froide-legalaction.git",
            "ref": "master"
        },
        "geoip2": {
            "hashes": [
                "sha256:a37ddac2d200ffb97c736da8b8ba9d5d8dc47da6ec0f162a461b681ecac53a14",
                "sha256:f7ffe9d258e71a42cf622ce6350d976de1d0312b9f2fbce3975c7d838b57ecf0"
            ],
            "version": "==2.9.0"
        },
        "honcho": {
            "hashes": [
                "sha256:af5806bf13e3b20acdcb9ff8c0beb91eee6fe07393c3448dfad89667e6ac7576",
                "sha256:c189402ad2e337777283c6a12d0f4f61dc6dd20c254c9a3a4af5087fc66cea6e"
            ],
            "version": "==1.0.1"
        },
        "html5lib": {
            "hashes": [
                "sha256:2612a191a8d5842bfa057e41ba50bbb9dcb722419d2408c78cff4758d0754868"
            ],
            "version": "==0.9999999"
        },
        "idna": {
            "hashes": [
                "sha256:156a6814fb5ac1fc6850fb002e0852d56c0c8d2531923a51032d1b70760e186e",
                "sha256:684a38a6f903c1d71d6d5fac066b58d7768af4de2b832e426ec79c30daa94a16"
            ],
            "version": "==2.7"
        },
        "itypes": {
            "hashes": [
                "sha256:c6e77bb9fd68a4bfeb9d958fea421802282451a25bac4913ec94db82a899c073"
            ],
            "version": "==1.1.0"
        },
        "jinja2": {
            "hashes": [
                "sha256:74c935a1b8bb9a3947c50a54766a969d4846290e1e788ea44c1392163723c3bd",
                "sha256:f84be1bb0040caca4cea721fcbbbbd61f9be9464ca236387158b0feea01914a4"
            ],
            "version": "==2.10"
        },
        "jsonfield": {
            "hashes": [
                "sha256:a0a7fdee736ff049059409752b045281a225610fecbda9b9bd588ba976493c12",
                "sha256:beb1cd4850d6d6351c32daefcb826c01757744e9c863228a642f87a1a4acb834"
            ],
            "version": "==2.0.2"
        },
        "kombu": {
            "hashes": [
                "sha256:86adec6c60f63124e2082ea8481bbe4ebe04fde8ebed32c177c7f0cd2c1c9082",
                "sha256:b274db3a4eacc4789aeb24e1de3e460586db7c4fc8610f7adcc7a3a1709a60af"
            ],
            "version": "==4.2.1"
        },
        "lxml": {
            "hashes": [
                "sha256:01b194561b6a25d94b1267b785d6ec67eec6b62cce2591f3096de98ec22a704b",
                "sha256:10ad7277b618b9a0bafed7ddf73af6d9c9b3de8d42cbb881859d611d54de665c",
                "sha256:1fc9e6adc16c0cab2596de5cd7adc5988635ec1e2dcae367e2a2009302ae89b3",
                "sha256:34cb8e68be4403d01a84f5dd5b9a089ddaedf28a3e9ff259708d88f9a60e2b7e",
                "sha256:36a47fb5d99f7827cb478cc71f907b728304ead3b12b0eb1a102199a0a0bf8a7",
                "sha256:37cda88cf6082fd9d78988156140a5922d4b296577b5ff83f72116c4061d7304",
                "sha256:39e80bafa7be141ff2d0bb8ed1652b9ac326573bf0e6678770d729adbd9d2670",
                "sha256:4211c2ff1a465d9bafc671715d40695bfeb59065005a8b565069b4ab3faba5d9",
                "sha256:473ad409306e83dca68632bf29e1b40592b159af86318410ac42e8054f2904b8",
                "sha256:482da759ec33fb78e3781d1c59aafa39a83265bbc796967f830d64d08f7212ad",
                "sha256:48cccd8ba29c4cc967cb0e3317c5931e0f0ade1692895da6ba9a5a31410d75af",
                "sha256:4b487bf101ce0217afcc3eb661713b32f10d30f1cac1e9d966f0a988ea8a389c",
                "sha256:512f1b88f46ef1e55cb05150b8e7029be1c10995c3531d6c1205afa8b61d8996",
                "sha256:73e23a2dd19d8f3c012cf6d3b221b32bf2254de49dfed449b2b87dd8fa56611e",
                "sha256:810934dddb01a797fcd8ec9d9e981b8ebc7738ae1a5bbd2c90c7cdae5435609e",
                "sha256:82f278cd24da1b8a98df89de38946d67381a00e39adef768fd302dc8f4e1c383",
                "sha256:852d077b69432ad3c2ee622d4a82588fc32c8f260d41ce1a34207e60213b04a1",
                "sha256:8eee7864ea7882512bada274c2a58997a09fa8da5f8a31e298ebf7226df0cf75",
                "sha256:967ac7c857b4c67dbc906e2c7d81f89c14ea84d63adf4e95c6a1c9ed1bec2d77",
                "sha256:a8b8c161d9dab9e884f99e7d898f6e06db547a3a0398962b55de96130b6da777",
                "sha256:a9368022ca262fd15625f365b557d66ce0743bc1e1901d85dfe1af9836f01713",
                "sha256:ab5ab5df9589a4538c238cf3711978419562ccf9c72efc06fb2f5e3833b7e0f4",
                "sha256:be1d3c858071d552aab304742726ea1b3a46f21761f2c2a7afa93a37e57597f5",
                "sha256:bea02d0662709d905bc18402ad4b84c5a6dc72d9d86dbbe9958eadf3d158e63b",
                "sha256:d06bbb503f9e41c836a1941d163469b6df2f77f004bff609849f58ed52fa2ad4",
                "sha256:d2965ef3521bcc3c82bd218a44f4c1f2630c127b5e1f35da50cb360e872bc3af",
                "sha256:d78d58d934a3c2f39daaf89aad5e71551ff75550cf4820020ad6ae29f1b82cc9"
            ],
            "version": "==4.2.2"
        },
        "markdown": {
            "hashes": [
                "sha256:9ba587db9daee7ec761cfc656272be6aabe2ed300fece21208e4aab2e457bc8f",
                "sha256:a856869c7ff079ad84a3e19cd87a64998350c2b94e9e08e44270faef33400f81"
            ],
            "version": "==2.6.11"
        },
        "markdown2": {
            "hashes": [
                "sha256:8bb9a24eb2aa02f1427aabe46483f0f0215ab18c8a345315ae8e2ee3c3a09c03"
            ],
            "version": "==2.3.5"
        },
        "markupsafe": {
            "hashes": [
                "sha256:a6be69091dac236ea9c6bc7d012beab42010fa914c459791d627dad4910eb665"
            ],
            "version": "==1.0"
        },
        "maxminddb": {
            "hashes": [
                "sha256:df1451bcd848199905ac0de4631b3d02d6a655ad28ba5e5a4ca29a23358db712"
            ],
            "version": "==1.4.1"
        },
        "oauthlib": {
            "hashes": [
                "sha256:ac35665a61c1685c56336bda97d5eefa246f1202618a1d6f34fccb1bdd404162",
                "sha256:d883b36b21a6ad813953803edfa563b1b579d79ca758fe950d1bc9e8b326025b"
            ],
            "version": "==2.1.0"
        },
        "ordered-set": {
            "hashes": [
                "sha256:a34399fe6aa78358aaa00129d67c65b4aa099adfc023731b1d756c85776a89bb"
            ],
            "version": "==3.0.0"
        },
        "pdflib": {
            "hashes": [
                "sha256:19ca4a10ce6120470afb109c735955272e3d19d096bd402fe14c464d9bebe102",
                "sha256:2f302effb2829a5f7e159a042d4dc1dc73800715a819dc3e8263361a0e784930",
                "sha256:69b477aac63fcbb519aee44feb58ac96f3811cb9cae1bfc1efceeaba81e06fa3",
                "sha256:a65cef22e281e4adf1b7d6ffaaf18567741d2eb7555cae4cfc2bc592d143cd09",
                "sha256:b06e5db3ccd53c25dcb2957146a0fcfa38e554557b86a2df5e21ef48bddbaf30",
                "sha256:b8f7b33a6b95b785ed04d4ec8705d8b9bc99d1b4649ecfdec247820dd7b50754",
                "sha256:cd31a0279a44a0f8dd56db4778c254fd21a295192b416439cdc320edf0db4d5d",
                "sha256:d53e6557471d32510bb25fb33b03311ad9a4cb2c4e70ba585728bad36a13d025",
                "sha256:f6e46d1631db656feb884461878777cf2479a44be6ff090f4c3595d88670186c"
            ],
            "version": "==0.1.7"
        },
        "phonenumbers": {
            "hashes": [
                "sha256:31dd73490db3989d68d1f2e8eba739599791ce8504c638080776a7200a8ec0af",
                "sha256:7813a9d45f0d1386a23552072af20a3ef34fa34f76eeb9033743ff083f9551e1"
            ],
            "version": "==8.9.8"
        },
        "pillow": {
            "hashes": [
                "sha256:00633bc2ec40313f4daf351855e506d296ec3c553f21b66720d0f1225ca84c6f",
                "sha256:03514478db61b034fc5d38b9bf060f994e5916776e93f02e59732a8270069c61",
                "sha256:040144ba422216aecf7577484865ade90e1a475f867301c48bf9fbd7579efd76",
                "sha256:16246261ff22368e5e32ad74d5ef40403ab6895171a7fc6d34f6c17cfc0f1943",
                "sha256:1cb38df69362af35c14d4a50123b63c7ff18ec9a6d4d5da629a6f19d05e16ba8",
                "sha256:2400e122f7b21d9801798207e424cbe1f716cee7314cd0c8963fdb6fc564b5fb",
                "sha256:2ee6364b270b56a49e8b8a51488e847ab130adc1220c171bed6818c0d4742455",
                "sha256:3b4560c3891b05022c464b09121bd507c477505a4e19d703e1027a3a7c68d896",
                "sha256:41374a6afb3f44794410dab54a0d7175e6209a5a02d407119c81083f1a4c1841",
                "sha256:438a3faf5f702c8d0f80b9f9f9b8382cfa048ca6a0d64ef71b86b563b0ee0359",
                "sha256:472a124c640bde4d5468f6991c9fa7e30b723d84ac4195a77c6ab6aea30f2b9c",
                "sha256:4d32c8e3623a61d6e29ccd024066cd1ba556555abfb4cd714155020e00107e3f",
                "sha256:4d8077fd649ac40a5c4165f2c22fa2a4ad18c668e271ecb2f9d849d1017a9313",
                "sha256:62ec7ae98357fcd46002c110bb7cad15fce532776f0cbe7ca1d44c49b837d49d",
                "sha256:6c7cab6a05351cf61e469937c49dbf3cdf5ffb3eeac71f8d22dc9be3507598d8",
                "sha256:6eca36905444c4b91fe61f1b9933a47a30480738a1dd26501ff67d94fc2bc112",
                "sha256:74e2ebfd19c16c28ad43b8a28ff73b904ed382ea4875188838541751986e8c9a",
                "sha256:7673e7473a13107059377c96c563aa36f73184c29d2926882e0a0210b779a1e7",
                "sha256:81762cf5fca9a82b53b7b2d0e6b420e0f3b06167b97678c81d00470daa622d58",
                "sha256:8554bbeb4218d9cfb1917c69e6f2d2ad0be9b18a775d2162547edf992e1f5f1f",
                "sha256:9b66e968da9c4393f5795285528bc862c7b97b91251f31a08004a3c626d18114",
                "sha256:a00edb2dec0035e98ac3ec768086f0b06dfabb4ad308592ede364ef573692f55",
                "sha256:b48401752496757e95304a46213c3155bc911ac884bed2e9b275ce1c1df3e293",
                "sha256:b6cf18f9e653a8077522bb3aa753a776b117e3e0cc872c25811cfdf1459491c2",
                "sha256:bb8adab1877e9213385cbb1adc297ed8337e01872c42a30cfaa66ff8c422779c",
                "sha256:c8a4b39ba380b57a31a4b5449a9d257b1302d8bc4799767e645dcee25725efe1",
                "sha256:cee9bc75bff455d317b6947081df0824a8f118de2786dc3d74a3503fd631f4ef",
                "sha256:d0dc1313dff48af64517cbbd85e046d6b477fbe5e9d69712801f024dcb08c62b",
                "sha256:d5bf527ed83617edd1855a5c923eeeaf68bcb9ac0ceb28e3f19b575b3a424984",
                "sha256:df5863a21f91de5ecdf7d32a32f406dd9867ebb35d41033b8bd9607a21887599",
                "sha256:e39142332541ed2884c257495504858b22c078a5d781059b07aba4c3a80d7551",
                "sha256:e52e8f675ba0b2b417fa98579e7286a41a8e23871f17f4793772f5aa884fea79",
                "sha256:e6dd55d5d94b9e36929325dd0c9ab85bfde84a5fc35947c334c32af1af668944",
                "sha256:e87cc1acbebf263f308a8494272c2d42016aa33c32bf14d209c81e1f65e11868",
                "sha256:ea0091cd4100519cedfeea2c659f52291f535ac6725e2368bcf59e874f270efa",
                "sha256:eeb247f4f4d962942b3b555530b0c63b77473c7bfe475e51c6b75b7344b49ce3",
                "sha256:f0d4433adce6075efd24fc0285135248b0b50f5a58129c7e552030e04fe45c7f",
                "sha256:f1f3bd92f8e12dc22884935a73c9f94c4d9bd0d34410c456540713d6b7832b8c",
                "sha256:f42a87cbf50e905f49f053c0b1fb86c911c730624022bf44c8857244fc4cdaca",
                "sha256:f5f302db65e2e0ae96e26670818157640d3ca83a3054c290eff3631598dcf819",
                "sha256:f7634d534662bbb08976db801ba27a112aee23e597eeaf09267b4575341e45bf",
                "sha256:fdd374c02e8bb2d6468a85be50ea66e1c4ef9e809974c30d8576728473a6ed03",
                "sha256:fe6931db24716a0845bd8c8915bd096b77c2a7043e6fc59ae9ca364fe816f08b"
            ],
            "version": "==5.1.0"
        },
        "psycopg2": {
            "hashes": [
                "sha256:0f4c784e1b5a320efb434c66a50b8dd7e30a7dc047e8f45c0a8d2694bfe72781",
                "sha256:0fdbaa32c9eb09ef09d425dc154628fca6fa69d2f7c1a33f889abb7e0efb3909",
                "sha256:11fbf688d5c953c0a5ba625cc42dea9aeb2321942c7c5ed9341a68f865dc8cb1",
                "sha256:19eaac4eb25ab078bd0f28304a0cb08702d120caadfe76bb1e6846ed1f68635e",
                "sha256:3232ec1a3bf4dba97fbf9b03ce12e4b6c1d01ea3c85773903a67ced725728232",
                "sha256:36f8f9c216fcca048006f6dd60e4d3e6f406afde26cfb99e063f137070139eaf",
                "sha256:59c1a0e4f9abe970062ed35d0720935197800a7ef7a62b3a9e3a70588d9ca40b",
                "sha256:6506c5ff88750948c28d41852c09c5d2a49f51f28c6d90cbf1b6808e18c64e88",
                "sha256:6bc3e68ee16f571681b8c0b6d5c0a77bef3c589012352b3f0cf5520e674e9d01",
                "sha256:6dbbd7aabbc861eec6b910522534894d9dbb507d5819bc982032c3ea2e974f51",
                "sha256:6e737915de826650d1a5f7ff4ac6cf888a26f021a647390ca7bafdba0e85462b",
                "sha256:6ed9b2cfe85abc720e8943c1808eeffd41daa73e18b7c1e1a228b0b91f768ccc",
                "sha256:711ec617ba453fdfc66616db2520db3a6d9a891e3bf62ef9aba4c95bb4e61230",
                "sha256:86b52e146da13c896e50c5a3341a9448151f1092b1a4153e425d1e8b62fec508",
                "sha256:985c06c2a0f227131733ae58d6a541a5bc8b665e7305494782bebdb74202b793",
                "sha256:aa3cd07f7f7e3183b63d48300666f920828a9dbd7d7ec53d450df2c4953687a9",
                "sha256:b1964ed645ef8317806d615d9ff006c0dadc09dfc54b99ae67f9ba7a1ec9d5d2",
                "sha256:b2abbff9e4141484bb89b96eb8eae186d77bc6d5ffbec6b01783ee5c3c467351",
                "sha256:cc33c3a90492e21713260095f02b12bee02b8d1f2c03a221d763ce04fa90e2e9",
                "sha256:d7de3bf0986d777807611c36e809b77a13bf1888f5c8db0ebf24b47a52d10726",
                "sha256:db5e3c52576cc5b93a959a03ccc3b02cb8f0af1fbbdc80645f7a215f0b864f3a",
                "sha256:e168aa795ffbb11379c942cf95bf813c7db9aa55538eb61de8c6815e092416f5",
                "sha256:e9ca911f8e2d3117e5241d5fa9aaa991cb22fb0792627eeada47425d706b5ec8",
                "sha256:eccf962d41ca46e6326b97c8fe0a6687b58dfc1a5f6540ed071ff1474cea749e",
                "sha256:efa19deae6b9e504a74347fe5e25c2cb9343766c489c2ae921b05f37338b18d1",
                "sha256:f4b0460a21f784abe17b496f66e74157a6c36116fa86da8bf6aa028b9e8ad5fe",
                "sha256:f93d508ca64d924d478fb11e272e09524698f0c581d9032e68958cfbdd41faef"
            ],
            "version": "==2.7.5"
        },
        "pylatex": {
            "hashes": [
                "sha256:8f70af17aa53bc3ec30508dde85e0182037822eb2000b36b71677a9adf2b0bc3"
            ],
            "version": "==1.3.0"
        },
        "pypdf2": {
            "hashes": [
                "sha256:e28f902f2f0a1603ea95ebe21dff311ef09be3d0f0ef29a3e44a932729564385"
            ],
            "version": "==1.26.0"
        },
        "python-magic": {
            "hashes": [
                "sha256:f2674dcfad52ae6c49d4803fa027809540b130db1dec928cfbb9240316831375",
                "sha256:f3765c0f582d2dfc72c15f3b5a82aecfae9498bd29ca840d72f37d7bd38bfcd5"
            ],
            "version": "==0.4.15"
        },
        "python-memcached": {
            "hashes": [
                "sha256:4dac64916871bd3550263323fc2ce18e1e439080a2d5670c594cf3118d99b594",
                "sha256:a2e28637be13ee0bf1a8b6843e7490f9456fd3f2a4cb60471733c7b5d5557e4f"
            ],
            "version": "==1.59"
        },
        "python-mimeparse": {
            "hashes": [
                "sha256:76e4b03d700a641fd7761d3cd4fdbbdcd787eade1ebfac43f877016328334f78",
                "sha256:a295f03ff20341491bfe4717a39cd0a8cc9afad619ba44b77e86b0ab8a2b8282"
            ],
            "version": "==1.6.0"
        },
        "python-slugify": {
            "hashes": [
                "sha256:5dbb360b882b2dabe0471a1a92f604504d83c2a73c71f2098d004ab62e695534"
            ],
            "version": "==1.2.5"
        },
        "pytz": {
            "hashes": [
                "sha256:65ae0c8101309c45772196b21b74c46b2e5d11b6275c45d251b150d5da334555",
                "sha256:c06425302f2cf668f1bba7a0a03f3c1d34d4ebeef2c72003da308b3947c7f749"
            ],
            "version": "==2018.4"
        },
        "raven": {
            "hashes": [
                "sha256:3fd787d19ebb49919268f06f19310e8112d619ef364f7989246fc8753d469888",
                "sha256:95f44f3ea2c1b176d5450df4becdb96c15bf2632888f9ab193e9dd22300ce46a"
            ],
            "version": "==6.9.0"
        },
        "reportlab": {
            "hashes": [
                "sha256:0474d275d83d850f24e3ccdacab1e81393cd43504a30808651ea909e52792624",
                "sha256:108b59f384bcdeb64147be778c700083cc5e81d1e15d7ab1980c92f177421087",
                "sha256:2d39db61b6d7d003e10bd170698fffef3e12b2ed86e14e3e57112ac448e9d8cb",
                "sha256:3adaca93567100236ecf0027f4fca5738cc26cc333438853d3d5f3f88d024b6f",
                "sha256:539fb522fb5717f7c11388f474c1cfb2958b4b94774eecffab7a40eeb8ba797c",
                "sha256:554438f00e83b16302f84db06f3b18b0ebef85c57becc873155f388cdd22e2b5",
                "sha256:582cf2acc6665e082bf7b2d9a78c6217a54fc666679d413c32b9c8f43ba6ee26",
                "sha256:5beaf35e59dfd5ebd814fdefd76908292e818c982bd7332b5d347dfd2f01c343",
                "sha256:64bb24267ae4f35436f04913fcffb84f9f40d86545cc1dcce78df0f49451d0af",
                "sha256:6b019655ec42ea1fb7e1ae2017de5a6ad5ce3ed74e510fa4bbcba2afe3e836a4",
                "sha256:7198c012a6e706dbae349a36f2e599a4a1a01e37cbfc86fb137d79614c5a5011",
                "sha256:775259f56d9ec8715c64542fa3504d8ccb37dab7e0814a1949895f8f1412198c",
                "sha256:86cb27afdee2e767255c2563402e64a6e0b15c3d4fc6b270a7ed79bad7582b8e",
                "sha256:917c38d256422d3a8d17cff3de05e425c3ffeb6d535174ce9b2c7d04ce5eadd1",
                "sha256:98e8d49597b2611b4cfe8c4c80abe7885c1e0dac2b458f4ca4b4d8ce58319815",
                "sha256:a71b183f34a55bbf127ef9b30a00400559fcb68d677bb63c9eda1094a09c2b01",
                "sha256:a7c38d4dbfaea4685fb40bdf8a35caee94633ab66ffa951c845c78d3b288a693",
                "sha256:ab610aa2e80051d54eca8f8fb1f00fc995624dc5a44c10a4740397b66aedf915",
                "sha256:b2931888c135151f1eaacfccd7df3a7701404c2741470f75827f01e6a576c2d3",
                "sha256:cdf8df8123b510b9ad3ec7f80e83fc7dbc4c16640264080966789190b27af04e",
                "sha256:d54b1a4ab3ac016dd0fc5ffb495ce8a174e0601d9f8ff9e023924c661400b629",
                "sha256:fa5d0f881d107d7e7528f16462a19419f8da1da9ceb801974f05fd2d211f336d",
                "sha256:fdc6d44d7881259bb2bc7d85fea5d6e4965844f94391b07e5b3c899a9b5c2baa"
            ],
            "version": "==3.4.0"
        },
        "requests": {
            "hashes": [
                "sha256:63b52e3c866428a224f97cab011de738c36aec0185aa91cfacd418b5d58911d1",
                "sha256:ec22d826a36ed72a7358ff3fe56cbd4ba69dd7a6718ffd450ff0e9df7a47ce6a"
            ],
            "version": "==2.19.1"
        },
        "six": {
            "hashes": [
                "sha256:70e8a77beed4562e7f14fe23a786b54f6296e34344c23bc42f07b15018ff98e9",
                "sha256:832dc0e10feb1aa2c68dcc57dbb658f1c7e65b9b61af69048abc87a2db00a0eb"
            ],
            "version": "==1.11.0"
        },
        "tesserocr": {
            "editable": true,
            "git": "git://github.com/sirfz/tesserocr.git"
        },
        "unicodecsv": {
            "hashes": [
                "sha256:018c08037d48649a0412063ff4eda26eaa81eff1546dbffa51fa5293276ff7fc"
            ],
            "version": "==0.14.1"
        },
        "unidecode": {
            "hashes": [
                "sha256:280a6ab88e1f2eb5af79edff450021a0d3f0448952847cd79677e55e58bad051",
                "sha256:61f807220eda0203a774a09f84b4304a3f93b5944110cc132af29ddb81366883"
            ],
            "version": "==0.4.21"
        },
        "uritemplate": {
            "hashes": [
                "sha256:01c69f4fe8ed503b2951bef85d996a9d22434d2431584b5b107b2981ff416fbd",
                "sha256:1b9c467a940ce9fb9f50df819e8ddd14696f89b9a8cc87ac77952ba416e0a8fd",
                "sha256:c02643cebe23fc8adb5e6becffe201185bf06c40bda5c0b4028a93f1527d011d"
            ],
            "version": "==3.0.0"
        },
        "urllib3": {
            "hashes": [
                "sha256:a68ac5e15e76e7e5dd2b8f94007233e01effe3e50e8daddf69acfd81cb686baf",
                "sha256:b5725a0bd4ba422ab0e66e89e030c806576753ea3ee08554382c14e685d117b5"
            ],
            "version": "==1.23"
        },
        "urlobject": {
            "hashes": [
                "sha256:47b2e20e6ab9c8366b2f4a3566b6ff4053025dad311c4bb71279bbcfa2430caa"
            ],
            "version": "==2.4.3"
        },
        "vine": {
            "hashes": [
                "sha256:52116d59bc45392af9fdd3b75ed98ae48a93e822cee21e5fda249105c59a7a72",
                "sha256:6849544be74ec3638e84d90bc1cf2e1e9224cc10d96cd4383ec3f69e9bce077b"
            ],
            "version": "==1.1.4"
        },
        "wand": {
            "hashes": [
                "sha256:28e0454c9d16d69c5d5034918d96320d8f9f1377b4fdaf4944eec2f938c74704",
                "sha256:fb50d0ad4cad995f0b59b13f76bced22682ab80b4299084a2c3c535b225850c9"
            ],
            "version": "==0.4.4"
        },
        "yurl": {
            "hashes": [
                "sha256:a8ba9c065da393704fc029f13d2d7d850a9dfd6b8deae6960749eecea282693d"
            ],
            "version": "==0.13"
        }
    },
    "develop": {
        "amqp": {
            "hashes": [
                "sha256:073dd02fdd73041bffc913b767866015147b61f2a9bc104daef172fc1a0066eb",
                "sha256:eed41946890cd43e8dee44a316b85cf6fee5a1a34bb4a562b660a358eb529e1b"
            ],
            "version": "==2.3.2"
        },
        "babel": {
            "hashes": [
                "sha256:6778d85147d5d85345c14a26aada5e478ab04e39b078b0745ee6870c2b5cf669",
                "sha256:8cba50f48c529ca3fa18cf81fa9403be176d374ac4d60738b839122dfaaa3d23"
            ],
            "version": "==2.6.0"
        },
        "billiard": {
            "hashes": [
                "sha256:1d7b22bdc47aa52841120fcd22a74ae4fc8c13e9d3935643098184f5788c3ce6",
                "sha256:abd9ce008c9a71ccde2c816f8daa36246e92a21e6a799831b887d88277187ecd"
            ],
            "version": "==3.5.0.3"
        },
        "celery": {
            "hashes": [
                "sha256:2082cbd82effa8ac8a8a58977d70bb203a9f362817e3b66f4578117b9f93d8a9",
                "sha256:ff727c115533edbc7b81b2b4ba1ec88d1c2fc4836e1e2f4c3c33a76ff53e5d7f"
            ],
            "version": "==4.2.0"
        },
        "django": {
            "hashes": [
                "sha256:18986bcffe69653a84eaf1faa1fa5a7eded32cee41cfecc77fdc65a3e046404d",
                "sha256:46adfe8e0abe4d1f026c1086889970b611aec492784fbdfbdaabc2457360a4a5"
            ],
            "version": "==1.11.13"
        },
        "django-debug-toolbar": {
            "hashes": [
                "sha256:4af2a4e1e932dadbda197b18585962d4fc20172b4e5a479490bc659fe998864d",
                "sha256:d9ea75659f76d8f1e3eb8f390b47fc5bad0908d949c34a8a3c4c87978eb40a0f"
            ],
            "version": "==1.9.1"
        },
        "flower": {
            "hashes": [
                "sha256:a7a828c2dbea7e9cff1c86d63626f0eeb047b1b1e9a0ee5daad30771fb51e6d0"
            ],
            "version": "==0.9.2"
        },
        "gunicorn": {
            "hashes": [
                "sha256:7ef2b828b335ed58e3b64ffa84caceb0a7dd7c5ca12f217241350dec36a1d5dc",
                "sha256:bc59005979efb6d2dd7d5ba72d99f8a8422862ad17ff3a16e900684630dd2a10"
            ],
            "version": "==19.8.1"
        },
        "kombu": {
            "hashes": [
                "sha256:86adec6c60f63124e2082ea8481bbe4ebe04fde8ebed32c177c7f0cd2c1c9082",
                "sha256:b274db3a4eacc4789aeb24e1de3e460586db7c4fc8610f7adcc7a3a1709a60af"
            ],
            "version": "==4.2.1"
        },
        "pytz": {
            "hashes": [
                "sha256:65ae0c8101309c45772196b21b74c46b2e5d11b6275c45d251b150d5da334555",
                "sha256:c06425302f2cf668f1bba7a0a03f3c1d34d4ebeef2c72003da308b3947c7f749"
            ],
            "version": "==2018.4"
        },
        "sqlparse": {
            "hashes": [
                "sha256:ce028444cfab83be538752a2ffdb56bc417b7784ff35bb9a3062413717807dec",
                "sha256:d9cf190f51cbb26da0412247dfe4fb5f4098edb73db84e02f9fc21fdca31fed4"
            ],
            "version": "==0.2.4"
        },
        "tornado": {
            "hashes": [
                "sha256:1b83d5c10550f2653380b4c77331d6f8850f287c4f67d7ce1e1c639d9222fbc7",
                "sha256:408d129e9d13d3c55aa73f8084aa97d5f90ed84132e38d6932e63a67d5bec563",
                "sha256:88ce0282cce70df9045e515f578c78f1ebc35dcabe1d70f800c3583ebda7f5f5",
                "sha256:ba9fbb249ac5390bff8a1d6aa4b844fd400701069bda7d2e380dfe2217895101",
                "sha256:c050089173c2e9272244bccfb6a8615fb9e53b79420a5551acfa76094ecc3111"
            ],
            "version": "==5.0.2"
        },
        "vine": {
            "hashes": [
                "sha256:52116d59bc45392af9fdd3b75ed98ae48a93e822cee21e5fda249105c59a7a72",
                "sha256:6849544be74ec3638e84d90bc1cf2e1e9224cc10d96cd4383ec3f69e9bce077b"
            ],
            "version": "==1.1.4"
        }
    }
}
