version: 7
platforms:
- name: linux-64
  virtual-packages:
  - __unix=0=0
  - __linux=4.18
  - __glibc=2.28
  - __archspec=0=x86_64
- name: linux-aarch64
  virtual-packages:
  - __unix=0=0
  - __linux=4.18
  - __glibc=2.28
  - __archspec=0=aarch64
- name: osx-64
  virtual-packages:
  - __unix=0=0
  - __osx=13.0
  - __archspec=0=x86_64
- name: osx-arm64
  virtual-packages:
  - __unix=0=0
  - __osx=13.0
  - __archspec=0=m1
environments:
  default:
    channels:
    - url: https://conda.anaconda.org/conda-forge/
    packages:
      linux-64:
      - conda: https://conda.anaconda.org/conda-forge/linux-64/_openmp_mutex-4.5-20_gnu.conda
      - conda: https://conda.anaconda.org/conda-forge/linux-64/gettext-tools-0.25.1-h3f43e3d_1.conda
      - conda: https://conda.anaconda.org/conda-forge/linux-64/libgcc-16.2.0-ha9f2e26_4.conda
      - conda: https://conda.anaconda.org/conda-forge/linux-64/libgomp-16.2.0-he0feb66_4.conda
      - conda: https://conda.anaconda.org/conda-forge/linux-64/libiconv-1.18-h0cb94f2_3.conda
      linux-aarch64:
      - conda: https://conda.anaconda.org/conda-forge/linux-aarch64/_openmp_mutex-4.5-20_gnu.conda
      - conda: https://conda.anaconda.org/conda-forge/linux-aarch64/gettext-tools-0.25.1-h5ad3122_0.conda
      - conda: https://conda.anaconda.org/conda-forge/linux-aarch64/libgcc-16.2.0-h205dda4_4.conda
      - conda: https://conda.anaconda.org/conda-forge/linux-aarch64/libgomp-16.2.0-h8acb6b2_4.conda
      osx-64:
      - conda: https://conda.anaconda.org/conda-forge/osx-64/gettext-tools-0.25.1-h3184127_1.conda
      - conda: https://conda.anaconda.org/conda-forge/osx-64/libiconv-1.18-h4ae439b_3.conda
      - conda: https://conda.anaconda.org/conda-forge/osx-64/libintl-0.25.1-h3184127_1.conda
      osx-arm64:
      - conda: https://conda.anaconda.org/conda-forge/osx-arm64/gettext-tools-0.25.1-h493aca8_0.conda
      - conda: https://conda.anaconda.org/conda-forge/osx-arm64/libiconv-1.18-he4c29f2_3.conda
      - conda: https://conda.anaconda.org/conda-forge/osx-arm64/libintl-0.25.1-h493aca8_0.conda
packages:
- conda: https://conda.anaconda.org/conda-forge/linux-64/_openmp_mutex-4.5-20_gnu.conda
  build_number: 20
  sha256: 1dd3fffd892081df9726d7eb7e0dea6198962ba775bd88842135a4ddb4deb3c9
  md5: a9f577daf3de00bca7c3c76c0ecbd1de
  depends:
  - __glibc >=2.17,<3.0.a0
  - libgomp >=7.5.0
  constrains:
  - openmp_impl <0.0a0
  license: BSD-3-Clause
  license_family: BSD
  run_exports:
    strong:
    - _openmp_mutex >=4.5
  size: 28948
  timestamp: 1770939786096
- conda: https://conda.anaconda.org/conda-forge/linux-64/gettext-tools-0.25.1-h3f43e3d_1.conda
  sha256: c792729288bdd94f21f25f80802d4c66957b4e00a57f7cb20513f07aadfaff06
  md5: a59c05d22bdcbb4e984bf0c021a2a02f
  depends:
  - __glibc >=2.17,<3.0.a0
  - libgcc >=14
  - libiconv >=1.18,<2.0a0
  license: GPL-3.0-or-later
  license_family: GPL
  run_exports: {}
  size: 3644103
  timestamp: 1753342966311
- conda: https://conda.anaconda.org/conda-forge/linux-64/libgcc-16.2.0-ha9f2e26_4.conda
  sha256: 24090e675d34403b4ee1cd4372d8f6c0937da7ecfd66a19a57cac2ed0f4ea793
  md5: cba14d01083fc62ffd32c24d7d390633
  depends:
  - __glibc >=2.17,<3.0.a0
  - _openmp_mutex >=4.5
  constrains:
  - libgcc-ng ==16.2.0=*_4
  - libgomp 16.2.0 he0feb66_4
  license: GPL-3.0-only WITH GCC-exception-3.1
  license_family: GPL
  run_exports: {}
  size: 1058083
  timestamp: 1787618680111
- conda: https://conda.anaconda.org/conda-forge/linux-64/libgomp-16.2.0-he0feb66_4.conda
  sha256: 0fe5cb8e0752241ab55e11656ed1b9726248b522d23b929fe7c95b83eb55b9bb
  md5: 89d2c1231f47bd818f5d624b9411459d
  depends:
  - __glibc >=2.17,<3.0.a0
  license: GPL-3.0-only WITH GCC-exception-3.1
  license_family: GPL
  run_exports:
    strong:
    - _openmp_mutex >=4.5
  size: 639968
  timestamp: 1787618616266
- conda: https://conda.anaconda.org/conda-forge/linux-64/libiconv-1.18-h0cb94f2_3.conda
  sha256: f943117edb9cd4d9c61cc972eee5a34291dc55ea7a6e9e38da104995841cbcb6
  md5: f92233bf33e24a25668bb2119e2c51f9
  depends:
  - __glibc >=2.17,<3.0.a0
  - libgcc >=15
  license: LGPL-2.1-only
  run_exports:
    weak:
    - libiconv >=1.18,<2.0a0
  size: 789471
  timestamp: 1787033836207
- conda: https://conda.anaconda.org/conda-forge/linux-aarch64/_openmp_mutex-4.5-20_gnu.conda
  build_number: 20
  sha256: a2527b1d81792a0ccd2c05850960df119c2b6d8f5fdec97f2db7d25dc23b1068
  md5: 468fd3bb9e1f671d36c2cbc677e56f1d
  depends:
  - libgomp >=7.5.0
  constrains:
  - openmp_impl <0.0a0
  license: BSD-3-Clause
  license_family: BSD
  run_exports:
    strong:
    - _openmp_mutex >=4.5
  size: 28926
  timestamp: 1770939656741
- conda: https://conda.anaconda.org/conda-forge/linux-aarch64/gettext-tools-0.25.1-h5ad3122_0.conda
  sha256: 7b03cc531c9c2d567eb81dffe9f5688c83fbcdfa4882eec3a2045ec43218806f
  md5: 4215d91c0eaae5274a36a3f211898c91
  depends:
  - libgcc >=13
  license: GPL-3.0-or-later
  license_family: GPL
  run_exports: {}
  size: 3999301
  timestamp: 1751557600737
- conda: https://conda.anaconda.org/conda-forge/linux-aarch64/libgcc-16.2.0-h205dda4_4.conda
  sha256: a132d78d49d0fa0a08e9e2a77528a12d974e8e123bc32895c0bd0a737b8abd89
  md5: 2c81f8ce7bda35c7a88c4c044452a97c
  depends:
  - _openmp_mutex >=4.5
  constrains:
  - libgcc-ng ==16.2.0=*_4
  - libgomp 16.2.0 h8acb6b2_4
  license: GPL-3.0-only WITH GCC-exception-3.1
  license_family: GPL
  run_exports: {}
  size: 627810
  timestamp: 1787617756679
- conda: https://conda.anaconda.org/conda-forge/linux-aarch64/libgomp-16.2.0-h8acb6b2_4.conda
  sha256: 6d216e6dc9a158b920f6e0c1dfdd6d77575bf79420dadf85d64576298ecb4503
  md5: 727c19b26cd43140e4a90a6f8f1cc31a
  license: GPL-3.0-only WITH GCC-exception-3.1
  license_family: GPL
  run_exports:
    strong:
    - _openmp_mutex >=4.5
  size: 617987
  timestamp: 1787617685449
- conda: https://conda.anaconda.org/conda-forge/osx-64/gettext-tools-0.25.1-h3184127_1.conda
  sha256: 69d25b31bcbd1b9697a1c09e13d8881480245e0f3f4f75715be7ef9abd3b5dea
  md5: f5e576c441a30c3be7184013c24445ea
  depends:
  - __osx >=10.13
  - libiconv >=1.18,<2.0a0
  - libintl 0.25.1 h3184127_1
  license: GPL-3.0-or-later
  license_family: GPL
  run_exports: {}
  size: 3662245
  timestamp: 1753344133123
- conda: https://conda.anaconda.org/conda-forge/osx-64/libiconv-1.18-h4ae439b_3.conda
  sha256: 2389e03a58ed0f5e8f2469eb4d4ba80d0af378b38854ae5eee65e5b641244082
  md5: 9fd2f77288f43e462ccc6b0e5f018c89
  depends:
  - __osx >=11.0
  license: LGPL-2.1-only
  run_exports:
    weak:
    - libiconv >=1.18,<2.0a0
  size: 736150
  timestamp: 1787034707041
- conda: https://conda.anaconda.org/conda-forge/osx-64/libintl-0.25.1-h3184127_1.conda
  sha256: 8c352744517bc62d24539d1ecc813b9fdc8a785c780197c5f0b84ec5b0dfe122
  md5: a8e54eefc65645193c46e8b180f62d22
  depends:
  - __osx >=10.13
  - libiconv >=1.18,<2.0a0
  license: LGPL-2.1-or-later
  run_exports:
    weak:
    - libintl >=0.25.1,<1.0a0
  size: 96909
  timestamp: 1753343977382
- conda: https://conda.anaconda.org/conda-forge/osx-arm64/gettext-tools-0.25.1-h493aca8_0.conda
  sha256: e8dd68706676d5b6f6ee09240936a0ecd1ae12b87dbb37e4c4be263e332ab125
  md5: 817042c017930497931da6aa04a47f09
  depends:
  - __osx >=11.0
  - libiconv >=1.18,<2.0a0
  - libintl 0.25.1 h493aca8_0
  license: GPL-3.0-or-later
  license_family: GPL
  run_exports: {}
  size: 3748044
  timestamp: 1751558602508
- conda: https://conda.anaconda.org/conda-forge/osx-arm64/libiconv-1.18-he4c29f2_3.conda
  sha256: 689a14968267f2f97c07112fca5636e7d756036b9aee969911267c20bd3eea1f
  md5: 17f4744c0873e9f77ac9b5cd0a27c187
  depends:
  - __osx >=11.0
  license: LGPL-2.1-only
  run_exports:
    weak:
    - libiconv >=1.18,<2.0a0
  size: 750816
  timestamp: 1787033961086
- conda: https://conda.anaconda.org/conda-forge/osx-arm64/libintl-0.25.1-h493aca8_0.conda
  sha256: 99d2cebcd8f84961b86784451b010f5f0a795ed1c08f1e7c76fbb3c22abf021a
  md5: 5103f6a6b210a3912faf8d7db516918c
  depends:
  - __osx >=11.0
  - libiconv >=1.18,<2.0a0
  license: LGPL-2.1-or-later
  run_exports:
    weak:
    - libintl >=0.25.1,<1.0a0
  size: 90957
  timestamp: 1751558394144
